// !$*UTF8*$!
{
	archiveVersion = 1;
	classes = {
	};
	objectVersion = 46;
	objects = {

/* Begin PBXBuildFile section */
		OBJ_151 /* CAsl.m in Sources */ = {isa = PBXBuildFile; fileRef = OBJ_9 /* CAsl.m */; };
		OBJ_158 /* Ascii.swift in Sources */ = {isa = PBXBuildFile; fileRef = OBJ_14 /* Ascii.swift */; };
		OBJ_165 /* VJson.swift in Sources */ = {isa = PBXBuildFile; fileRef = OBJ_16 /* VJson.swift */; };
		OBJ_167 /* Ascii.framework in Frameworks */ = {isa = PBXBuildFile; fileRef = OBJ_139 /* Ascii.framework */; };
		OBJ_174 /* SwifterSockets.Accept.swift in Sources */ = {isa = PBXBuildFile; fileRef = OBJ_18 /* SwifterSockets.Accept.swift */; };
		OBJ_175 /* SwifterSockets.Client.swift in Sources */ = {isa = PBXBuildFile; fileRef = OBJ_19 /* SwifterSockets.Client.swift */; };
		OBJ_176 /* SwifterSockets.Connection.swift in Sources */ = {isa = PBXBuildFile; fileRef = OBJ_20 /* SwifterSockets.Connection.swift */; };
		OBJ_177 /* SwifterSockets.ConnectionPool.swift in Sources */ = {isa = PBXBuildFile; fileRef = OBJ_21 /* SwifterSockets.ConnectionPool.swift */; };
		OBJ_178 /* SwifterSockets.Receive.swift in Sources */ = {isa = PBXBuildFile; fileRef = OBJ_22 /* SwifterSockets.Receive.swift */; };
		OBJ_179 /* SwifterSockets.Server.swift in Sources */ = {isa = PBXBuildFile; fileRef = OBJ_23 /* SwifterSockets.Server.swift */; };
		OBJ_180 /* SwifterSockets.swift in Sources */ = {isa = PBXBuildFile; fileRef = OBJ_24 /* SwifterSockets.swift */; };
		OBJ_181 /* SwifterSockets.Transmit.swift in Sources */ = {isa = PBXBuildFile; fileRef = OBJ_25 /* SwifterSockets.Transmit.swift */; };
		OBJ_188 /* SwifterLog.Network.swift in Sources */ = {isa = PBXBuildFile; fileRef = OBJ_27 /* SwifterLog.Network.swift */; };
		OBJ_189 /* SwifterLog.swift in Sources */ = {isa = PBXBuildFile; fileRef = OBJ_28 /* SwifterLog.swift */; };
		OBJ_191 /* CAsl.framework in Frameworks */ = {isa = PBXBuildFile; fileRef = OBJ_138 /* CAsl.framework */; };
		OBJ_192 /* Ascii.framework in Frameworks */ = {isa = PBXBuildFile; fileRef = OBJ_139 /* Ascii.framework */; };
		OBJ_193 /* SwifterJSON.framework in Frameworks */ = {isa = PBXBuildFile; fileRef = OBJ_140 /* SwifterJSON.framework */; };
		OBJ_194 /* SwifterSockets.framework in Frameworks */ = {isa = PBXBuildFile; fileRef = OBJ_141 /* SwifterSockets.framework */; };
		OBJ_204 /* AccessLog.swift in Sources */ = {isa = PBXBuildFile; fileRef = OBJ_30 /* AccessLog.swift */; };
		OBJ_205 /* Blacklist.swift in Sources */ = {isa = PBXBuildFile; fileRef = OBJ_31 /* Blacklist.swift */; };
		OBJ_206 /* ClosingMacConnection.swift in Sources */ = {isa = PBXBuildFile; fileRef = OBJ_32 /* ClosingMacConnection.swift */; };
		OBJ_207 /* CreateDomainCommand.swift in Sources */ = {isa = PBXBuildFile; fileRef = OBJ_33 /* CreateDomainCommand.swift */; };
		OBJ_208 /* DeltaCommand.swift in Sources */ = {isa = PBXBuildFile; fileRef = OBJ_34 /* DeltaCommand.swift */; };
		OBJ_209 /* Domain.swift in Sources */ = {isa = PBXBuildFile; fileRef = OBJ_35 /* Domain.swift */; };
		OBJ_210 /* Domains.swift in Sources */ = {isa = PBXBuildFile; fileRef = OBJ_36 /* Domains.swift */; };
		OBJ_211 /* DomainServices.swift in Sources */ = {isa = PBXBuildFile; fileRef = OBJ_37 /* DomainServices.swift */; };
		OBJ_212 /* DomainTelemetry.swift in Sources */ = {isa = PBXBuildFile; fileRef = OBJ_38 /* DomainTelemetry.swift */; };
		OBJ_213 /* Extensions.swift in Sources */ = {isa = PBXBuildFile; fileRef = OBJ_39 /* Extensions.swift */; };
		OBJ_214 /* Four04Log.swift in Sources */ = {isa = PBXBuildFile; fileRef = OBJ_40 /* Four04Log.swift */; };
		OBJ_215 /* GenericHelpers.swift in Sources */ = {isa = PBXBuildFile; fileRef = OBJ_41 /* GenericHelpers.swift */; };
		OBJ_216 /* HttpHeader.swift in Sources */ = {isa = PBXBuildFile; fileRef = OBJ_42 /* HttpHeader.swift */; };
		OBJ_217 /* HttpHost.swift in Sources */ = {isa = PBXBuildFile; fileRef = OBJ_43 /* HttpHost.swift */; };
		OBJ_218 /* HttpResponse.swift in Sources */ = {isa = PBXBuildFile; fileRef = OBJ_44 /* HttpResponse.swift */; };
		OBJ_219 /* HttpResponseCodes.swift in Sources */ = {isa = PBXBuildFile; fileRef = OBJ_45 /* HttpResponseCodes.swift */; };
		OBJ_220 /* Logfile.swift in Sources */ = {isa = PBXBuildFile; fileRef = OBJ_46 /* Logfile.swift */; };
		OBJ_221 /* LogLineMessage.swift in Sources */ = {isa = PBXBuildFile; fileRef = OBJ_47 /* LogLineMessage.swift */; };
		OBJ_222 /* MacMessage.swift in Sources */ = {isa = PBXBuildFile; fileRef = OBJ_48 /* MacMessage.swift */; };
		OBJ_223 /* MimeType.swift in Sources */ = {isa = PBXBuildFile; fileRef = OBJ_49 /* MimeType.swift */; };
		OBJ_224 /* Mutation.swift in Sources */ = {isa = PBXBuildFile; fileRef = OBJ_50 /* Mutation.swift */; };
		OBJ_225 /* Parameters.swift in Sources */ = {isa = PBXBuildFile; fileRef = OBJ_51 /* Parameters.swift */; };
		OBJ_226 /* ReadBlacklistCommand.swift in Sources */ = {isa = PBXBuildFile; fileRef = OBJ_52 /* ReadBlacklistCommand.swift */; };
		OBJ_227 /* ReadBlacklistReply.swift in Sources */ = {isa = PBXBuildFile; fileRef = OBJ_53 /* ReadBlacklistReply.swift */; };
		OBJ_228 /* ReadDomainsCommand.swift in Sources */ = {isa = PBXBuildFile; fileRef = OBJ_54 /* ReadDomainsCommand.swift */; };
		OBJ_229 /* ReadDomainsReply.swift in Sources */ = {isa = PBXBuildFile; fileRef = OBJ_55 /* ReadDomainsReply.swift */; };
		OBJ_230 /* ReadServerParameterCommand.swift in Sources */ = {isa = PBXBuildFile; fileRef = OBJ_56 /* ReadServerParameterCommand.swift */; };
		OBJ_231 /* ReadServerParameterReply.swift in Sources */ = {isa = PBXBuildFile; fileRef = OBJ_57 /* ReadServerParameterReply.swift */; };
		OBJ_232 /* ReadServerTelemetryCommand.swift in Sources */ = {isa = PBXBuildFile; fileRef = OBJ_58 /* ReadServerTelemetryCommand.swift */; };
		OBJ_233 /* ReadServerTelemetryReply.swift in Sources */ = {isa = PBXBuildFile; fileRef = OBJ_59 /* ReadServerTelemetryReply.swift */; };
		OBJ_234 /* ReadServicesCommand.swift in Sources */ = {isa = PBXBuildFile; fileRef = OBJ_60 /* ReadServicesCommand.swift */; };
		OBJ_235 /* ReadServicesReply.swift in Sources */ = {isa = PBXBuildFile; fileRef = OBJ_61 /* ReadServicesReply.swift */; };
		OBJ_236 /* ReadStatisticsCommand.swift in Sources */ = {isa = PBXBuildFile; fileRef = OBJ_62 /* ReadStatisticsCommand.swift */; };
		OBJ_237 /* ReadStatisticsReply.swift in Sources */ = {isa = PBXBuildFile; fileRef = OBJ_63 /* ReadStatisticsReply.swift */; };
		OBJ_238 /* RemoveDomainCommand.swift in Sources */ = {isa = PBXBuildFile; fileRef = OBJ_64 /* RemoveDomainCommand.swift */; };
		OBJ_239 /* ResetDomainTelemetryCommand.swift in Sources */ = {isa = PBXBuildFile; fileRef = OBJ_65 /* ResetDomainTelemetryCommand.swift */; };
		OBJ_240 /* RestoreBlacklistCommand.swift in Sources */ = {isa = PBXBuildFile; fileRef = OBJ_66 /* RestoreBlacklistCommand.swift */; };
		OBJ_241 /* RestoreDomainsCommand.swift in Sources */ = {isa = PBXBuildFile; fileRef = OBJ_67 /* RestoreDomainsCommand.swift */; };
		OBJ_242 /* RestoreServerParametersCommand.swift in Sources */ = {isa = PBXBuildFile; fileRef = OBJ_68 /* RestoreServerParametersCommand.swift */; };
		OBJ_243 /* SaveBlacklistCommand.swift in Sources */ = {isa = PBXBuildFile; fileRef = OBJ_69 /* SaveBlacklistCommand.swift */; };
		OBJ_244 /* SaveDomainsCommand.swift in Sources */ = {isa = PBXBuildFile; fileRef = OBJ_70 /* SaveDomainsCommand.swift */; };
		OBJ_245 /* SaveServerParametersCommand.swift in Sources */ = {isa = PBXBuildFile; fileRef = OBJ_71 /* SaveServerParametersCommand.swift */; };
		OBJ_246 /* ServerParameterNames.swift in Sources */ = {isa = PBXBuildFile; fileRef = OBJ_72 /* ServerParameterNames.swift */; };
		OBJ_247 /* ServerQuitCommand.swift in Sources */ = {isa = PBXBuildFile; fileRef = OBJ_73 /* ServerQuitCommand.swift */; };
		OBJ_248 /* ServerStartCommand.swift in Sources */ = {isa = PBXBuildFile; fileRef = OBJ_74 /* ServerStartCommand.swift */; };
		OBJ_249 /* ServerStopCommand.swift in Sources */ = {isa = PBXBuildFile; fileRef = OBJ_75 /* ServerStopCommand.swift */; };
		OBJ_250 /* ServerTelemetryNames.swift in Sources */ = {isa = PBXBuildFile; fileRef = OBJ_76 /* ServerTelemetryNames.swift */; };
		OBJ_251 /* Statistics.swift in Sources */ = {isa = PBXBuildFile; fileRef = OBJ_77 /* Statistics.swift */; };
		OBJ_252 /* StClient.swift in Sources */ = {isa = PBXBuildFile; fileRef = OBJ_78 /* StClient.swift */; };
		OBJ_253 /* StClientRecord.swift in Sources */ = {isa = PBXBuildFile; fileRef = OBJ_79 /* StClientRecord.swift */; };
		OBJ_254 /* StClients.swift in Sources */ = {isa = PBXBuildFile; fileRef = OBJ_80 /* StClients.swift */; };
		OBJ_255 /* StCounter.swift in Sources */ = {isa = PBXBuildFile; fileRef = OBJ_81 /* StCounter.swift */; };
		OBJ_256 /* StDomains.swift in Sources */ = {isa = PBXBuildFile; fileRef = OBJ_82 /* StDomains.swift */; };
		OBJ_257 /* StPathPart.swift in Sources */ = {isa = PBXBuildFile; fileRef = OBJ_83 /* StPathPart.swift */; };
		OBJ_258 /* Telemetry.swift in Sources */ = {isa = PBXBuildFile; fileRef = OBJ_84 /* Telemetry.swift */; };
		OBJ_259 /* TimedClosure.swift in Sources */ = {isa = PBXBuildFile; fileRef = OBJ_85 /* TimedClosure.swift */; };
		OBJ_260 /* UIntTelemetry.swift in Sources */ = {isa = PBXBuildFile; fileRef = OBJ_86 /* UIntTelemetry.swift */; };
		OBJ_261 /* UpdateBlacklistCommand.swift in Sources */ = {isa = PBXBuildFile; fileRef = OBJ_87 /* UpdateBlacklistCommand.swift */; };
		OBJ_262 /* UpdateClientCommand.swift in Sources */ = {isa = PBXBuildFile; fileRef = OBJ_88 /* UpdateClientCommand.swift */; };
		OBJ_263 /* UpdateDomainCommand.swift in Sources */ = {isa = PBXBuildFile; fileRef = OBJ_89 /* UpdateDomainCommand.swift */; };
		OBJ_264 /* UpdatePathPartCommand.swift in Sources */ = {isa = PBXBuildFile; fileRef = OBJ_90 /* UpdatePathPartCommand.swift */; };
		OBJ_265 /* UpdateServicesCommand.swift in Sources */ = {isa = PBXBuildFile; fileRef = OBJ_91 /* UpdateServicesCommand.swift */; };
		OBJ_266 /* WallclockTime.swift in Sources */ = {isa = PBXBuildFile; fileRef = OBJ_92 /* WallclockTime.swift */; };
		OBJ_267 /* WriteServerParameterCommand.swift in Sources */ = {isa = PBXBuildFile; fileRef = OBJ_93 /* WriteServerParameterCommand.swift */; };
		OBJ_269 /* CAsl.framework in Frameworks */ = {isa = PBXBuildFile; fileRef = OBJ_138 /* CAsl.framework */; };
		OBJ_270 /* Ascii.framework in Frameworks */ = {isa = PBXBuildFile; fileRef = OBJ_139 /* Ascii.framework */; };
		OBJ_271 /* SwifterJSON.framework in Frameworks */ = {isa = PBXBuildFile; fileRef = OBJ_140 /* SwifterJSON.framework */; };
		OBJ_272 /* SwifterSockets.framework in Frameworks */ = {isa = PBXBuildFile; fileRef = OBJ_141 /* SwifterSockets.framework */; };
		OBJ_273 /* SwifterLog.framework in Frameworks */ = {isa = PBXBuildFile; fileRef = OBJ_142 /* SwifterLog.framework */; };
		OBJ_284 /* Domain.Extensions.swift in Sources */ = {isa = PBXBuildFile; fileRef = OBJ_95 /* Domain.Extensions.swift */; };
		OBJ_285 /* DomainService.Blacklist.swift in Sources */ = {isa = PBXBuildFile; fileRef = OBJ_96 /* DomainService.Blacklist.swift */; };
		OBJ_286 /* DomainService.GetFileAtResourcePath.swift in Sources */ = {isa = PBXBuildFile; fileRef = OBJ_97 /* DomainService.GetFileAtResourcePath.swift */; };
		OBJ_287 /* DomainService.GetResourcePathFromUrl.swift in Sources */ = {isa = PBXBuildFile; fileRef = OBJ_98 /* DomainService.GetResourcePathFromUrl.swift */; };
		OBJ_288 /* DomainService.OnlyGetOrPost.swift in Sources */ = {isa = PBXBuildFile; fileRef = OBJ_99 /* DomainService.OnlyGetOrPost.swift */; };
		OBJ_289 /* DomainService.OnlyHttp10or11.swift in Sources */ = {isa = PBXBuildFile; fileRef = OBJ_100 /* DomainService.OnlyHttp10or11.swift */; };
		OBJ_290 /* DomainServices.Registration.swift in Sources */ = {isa = PBXBuildFile; fileRef = OBJ_101 /* DomainServices.Registration.swift */; };
		OBJ_291 /* FileURLs.swift in Sources */ = {isa = PBXBuildFile; fileRef = OBJ_102 /* FileURLs.swift */; };
		OBJ_292 /* Forwarder.swift in Sources */ = {isa = PBXBuildFile; fileRef = OBJ_103 /* Forwarder.swift */; };
		OBJ_293 /* HttpConnection.swift in Sources */ = {isa = PBXBuildFile; fileRef = OBJ_104 /* HttpConnection.swift */; };
		OBJ_294 /* HttpConnection.Worker.swift in Sources */ = {isa = PBXBuildFile; fileRef = OBJ_105 /* HttpConnection.Worker.swift */; };
		OBJ_295 /* HttpHeaderLogger.swift in Sources */ = {isa = PBXBuildFile; fileRef = OBJ_106 /* HttpHeaderLogger.swift */; };
		OBJ_296 /* MacCommand.CreateDomain.swift in Sources */ = {isa = PBXBuildFile; fileRef = OBJ_107 /* MacCommand.CreateDomain.swift */; };
		OBJ_297 /* MacCommand.Delta.swift in Sources */ = {isa = PBXBuildFile; fileRef = OBJ_108 /* MacCommand.Delta.swift */; };
		OBJ_298 /* MacCommand.ReadBlacklist.swift in Sources */ = {isa = PBXBuildFile; fileRef = OBJ_109 /* MacCommand.ReadBlacklist.swift */; };
		OBJ_299 /* MacCommand.ReadDomains.swift in Sources */ = {isa = PBXBuildFile; fileRef = OBJ_110 /* MacCommand.ReadDomains.swift */; };
		OBJ_300 /* MacCommand.ReadServerParameter.swift in Sources */ = {isa = PBXBuildFile; fileRef = OBJ_111 /* MacCommand.ReadServerParameter.swift */; };
		OBJ_301 /* MacCommand.ReadServerTelemetry.swift in Sources */ = {isa = PBXBuildFile; fileRef = OBJ_112 /* MacCommand.ReadServerTelemetry.swift */; };
		OBJ_302 /* MacCommand.ReadServices.swift in Sources */ = {isa = PBXBuildFile; fileRef = OBJ_113 /* MacCommand.ReadServices.swift */; };
		OBJ_303 /* MacCommand.ReadStatistics.swift in Sources */ = {isa = PBXBuildFile; fileRef = OBJ_114 /* MacCommand.ReadStatistics.swift */; };
		OBJ_304 /* MacCommand.RemoveDomain.swift in Sources */ = {isa = PBXBuildFile; fileRef = OBJ_115 /* MacCommand.RemoveDomain.swift */; };
		OBJ_305 /* MacCommand.ResetDomainTelemetry.swift in Sources */ = {isa = PBXBuildFile; fileRef = OBJ_116 /* MacCommand.ResetDomainTelemetry.swift */; };
		OBJ_306 /* MacCommand.RestoreBlacklist.swift in Sources */ = {isa = PBXBuildFile; fileRef = OBJ_117 /* MacCommand.RestoreBlacklist.swift */; };
		OBJ_307 /* MacCommand.RestoreDomains.swift in Sources */ = {isa = PBXBuildFile; fileRef = OBJ_118 /* MacCommand.RestoreDomains.swift */; };
		OBJ_308 /* MacCommand.RestoreServerParameters.swift in Sources */ = {isa = PBXBuildFile; fileRef = OBJ_119 /* MacCommand.RestoreServerParameters.swift */; };
		OBJ_309 /* MacCommand.SaveBlacklist.swift in Sources */ = {isa = PBXBuildFile; fileRef = OBJ_120 /* MacCommand.SaveBlacklist.swift */; };
		OBJ_310 /* MacCommand.SaveDomains.swift in Sources */ = {isa = PBXBuildFile; fileRef = OBJ_121 /* MacCommand.SaveDomains.swift */; };
		OBJ_311 /* MacCommand.SaveServerParameters.swift in Sources */ = {isa = PBXBuildFile; fileRef = OBJ_122 /* MacCommand.SaveServerParameters.swift */; };
		OBJ_312 /* MacCommand.ServerQuit.swift in Sources */ = {isa = PBXBuildFile; fileRef = OBJ_123 /* MacCommand.ServerQuit.swift */; };
		OBJ_313 /* MacCommand.ServerStart.swift in Sources */ = {isa = PBXBuildFile; fileRef = OBJ_124 /* MacCommand.ServerStart.swift */; };
		OBJ_314 /* MacCommand.ServerStop.swift in Sources */ = {isa = PBXBuildFile; fileRef = OBJ_125 /* MacCommand.ServerStop.swift */; };
		OBJ_315 /* MacCommand.UpdateBlacklist.swift in Sources */ = {isa = PBXBuildFile; fileRef = OBJ_126 /* MacCommand.UpdateBlacklist.swift */; };
		OBJ_316 /* MacCommand.UpdateClient.swift in Sources */ = {isa = PBXBuildFile; fileRef = OBJ_127 /* MacCommand.UpdateClient.swift */; };
		OBJ_317 /* MacCommand.UpdateDomain.swift in Sources */ = {isa = PBXBuildFile; fileRef = OBJ_128 /* MacCommand.UpdateDomain.swift */; };
		OBJ_318 /* MacCommand.UpdatePathPart.swift in Sources */ = {isa = PBXBuildFile; fileRef = OBJ_129 /* MacCommand.UpdatePathPart.swift */; };
		OBJ_319 /* MacCommand.UpdateServices.swift in Sources */ = {isa = PBXBuildFile; fileRef = OBJ_130 /* MacCommand.UpdateServices.swift */; };
		OBJ_320 /* MacCommand.WriteServerParameter.swift in Sources */ = {isa = PBXBuildFile; fileRef = OBJ_131 /* MacCommand.WriteServerParameter.swift */; };
		OBJ_321 /* main.swift in Sources */ = {isa = PBXBuildFile; fileRef = OBJ_132 /* main.swift */; };
		OBJ_322 /* MonitoringAndControlConnection.swift in Sources */ = {isa = PBXBuildFile; fileRef = OBJ_133 /* MonitoringAndControlConnection.swift */; };
		OBJ_323 /* Mutation.Extensions.swift in Sources */ = {isa = PBXBuildFile; fileRef = OBJ_134 /* Mutation.Extensions.swift */; };
		OBJ_325 /* CAsl.framework in Frameworks */ = {isa = PBXBuildFile; fileRef = OBJ_138 /* CAsl.framework */; };
		OBJ_326 /* Ascii.framework in Frameworks */ = {isa = PBXBuildFile; fileRef = OBJ_139 /* Ascii.framework */; };
		OBJ_327 /* SwifterJSON.framework in Frameworks */ = {isa = PBXBuildFile; fileRef = OBJ_140 /* SwifterJSON.framework */; };
		OBJ_328 /* SwifterSockets.framework in Frameworks */ = {isa = PBXBuildFile; fileRef = OBJ_141 /* SwifterSockets.framework */; };
		OBJ_329 /* SwifterLog.framework in Frameworks */ = {isa = PBXBuildFile; fileRef = OBJ_142 /* SwifterLog.framework */; };
		OBJ_330 /* SwiftfireCore.framework in Frameworks */ = {isa = PBXBuildFile; fileRef = OBJ_143 /* SwiftfireCore.framework */; };
/* End PBXBuildFile section */

/* Begin PBXContainerItemProxy section */
		86A3D71B1E6172E5006EC9DC /* PBXContainerItemProxy */ = {
			isa = PBXContainerItemProxy;
			containerPortal = OBJ_1 /* Project object */;
			proxyType = 1;
			remoteGlobalIDString = OBJ_153;
			remoteInfo = Ascii;
		};
		86A3D71C1E6172E5006EC9DC /* PBXContainerItemProxy */ = {
			isa = PBXContainerItemProxy;
			containerPortal = OBJ_1 /* Project object */;
			proxyType = 1;
			remoteGlobalIDString = OBJ_145;
			remoteInfo = CAsl;
		};
		86A3D71D1E6172E5006EC9DC /* PBXContainerItemProxy */ = {
			isa = PBXContainerItemProxy;
			containerPortal = OBJ_1 /* Project object */;
			proxyType = 1;
			remoteGlobalIDString = OBJ_153;
			remoteInfo = Ascii;
		};
		86A3D71E1E6172E5006EC9DC /* PBXContainerItemProxy */ = {
			isa = PBXContainerItemProxy;
			containerPortal = OBJ_1 /* Project object */;
			proxyType = 1;
			remoteGlobalIDString = OBJ_160;
			remoteInfo = SwifterJSON;
		};
		86A3D71F1E6172E5006EC9DC /* PBXContainerItemProxy */ = {
			isa = PBXContainerItemProxy;
			containerPortal = OBJ_1 /* Project object */;
			proxyType = 1;
			remoteGlobalIDString = OBJ_169;
			remoteInfo = SwifterSockets;
		};
		86A3D7201E6172E5006EC9DC /* PBXContainerItemProxy */ = {
			isa = PBXContainerItemProxy;
			containerPortal = OBJ_1 /* Project object */;
			proxyType = 1;
			remoteGlobalIDString = OBJ_145;
			remoteInfo = CAsl;
		};
		86A3D7211E6172E5006EC9DC /* PBXContainerItemProxy */ = {
			isa = PBXContainerItemProxy;
			containerPortal = OBJ_1 /* Project object */;
			proxyType = 1;
			remoteGlobalIDString = OBJ_153;
			remoteInfo = Ascii;
		};
		86A3D7221E6172E5006EC9DC /* PBXContainerItemProxy */ = {
			isa = PBXContainerItemProxy;
			containerPortal = OBJ_1 /* Project object */;
			proxyType = 1;
			remoteGlobalIDString = OBJ_160;
			remoteInfo = SwifterJSON;
		};
		86A3D7231E6172E5006EC9DC /* PBXContainerItemProxy */ = {
			isa = PBXContainerItemProxy;
			containerPortal = OBJ_1 /* Project object */;
			proxyType = 1;
			remoteGlobalIDString = OBJ_169;
			remoteInfo = SwifterSockets;
		};
		86A3D7241E6172E5006EC9DC /* PBXContainerItemProxy */ = {
			isa = PBXContainerItemProxy;
			containerPortal = OBJ_1 /* Project object */;
			proxyType = 1;
			remoteGlobalIDString = OBJ_183;
			remoteInfo = SwifterLog;
		};
		86A3D7251E6172E5006EC9DC /* PBXContainerItemProxy */ = {
			isa = PBXContainerItemProxy;
			containerPortal = OBJ_1 /* Project object */;
			proxyType = 1;
			remoteGlobalIDString = OBJ_145;
			remoteInfo = CAsl;
		};
		86A3D7261E6172E5006EC9DC /* PBXContainerItemProxy */ = {
			isa = PBXContainerItemProxy;
			containerPortal = OBJ_1 /* Project object */;
			proxyType = 1;
			remoteGlobalIDString = OBJ_153;
			remoteInfo = Ascii;
		};
		86A3D7271E6172E5006EC9DC /* PBXContainerItemProxy */ = {
			isa = PBXContainerItemProxy;
			containerPortal = OBJ_1 /* Project object */;
			proxyType = 1;
			remoteGlobalIDString = OBJ_160;
			remoteInfo = SwifterJSON;
		};
		86A3D7281E6172E5006EC9DC /* PBXContainerItemProxy */ = {
			isa = PBXContainerItemProxy;
			containerPortal = OBJ_1 /* Project object */;
			proxyType = 1;
			remoteGlobalIDString = OBJ_169;
			remoteInfo = SwifterSockets;
		};
		86A3D7291E6172E5006EC9DC /* PBXContainerItemProxy */ = {
			isa = PBXContainerItemProxy;
			containerPortal = OBJ_1 /* Project object */;
			proxyType = 1;
			remoteGlobalIDString = OBJ_183;
			remoteInfo = SwifterLog;
		};
		86A3D72A1E6172E5006EC9DC /* PBXContainerItemProxy */ = {
			isa = PBXContainerItemProxy;
			containerPortal = OBJ_1 /* Project object */;
			proxyType = 1;
			remoteGlobalIDString = OBJ_199;
			remoteInfo = SwiftfireCore;
		};
/* End PBXContainerItemProxy section */

/* Begin PBXFileReference section */
		OBJ_100 /* DomainService.OnlyHttp10or11.swift */ = {isa = PBXFileReference; lastKnownFileType = sourcecode.swift; path = DomainService.OnlyHttp10or11.swift; sourceTree = "<group>"; };
		OBJ_101 /* DomainServices.Registration.swift */ = {isa = PBXFileReference; lastKnownFileType = sourcecode.swift; path = DomainServices.Registration.swift; sourceTree = "<group>"; };
		OBJ_102 /* FileURLs.swift */ = {isa = PBXFileReference; lastKnownFileType = sourcecode.swift; path = FileURLs.swift; sourceTree = "<group>"; };
		OBJ_103 /* Forwarder.swift */ = {isa = PBXFileReference; lastKnownFileType = sourcecode.swift; path = Forwarder.swift; sourceTree = "<group>"; };
		OBJ_104 /* HttpConnection.swift */ = {isa = PBXFileReference; lastKnownFileType = sourcecode.swift; path = HttpConnection.swift; sourceTree = "<group>"; };
		OBJ_105 /* HttpConnection.Worker.swift */ = {isa = PBXFileReference; lastKnownFileType = sourcecode.swift; path = HttpConnection.Worker.swift; sourceTree = "<group>"; };
		OBJ_106 /* HttpHeaderLogger.swift */ = {isa = PBXFileReference; lastKnownFileType = sourcecode.swift; path = HttpHeaderLogger.swift; sourceTree = "<group>"; };
		OBJ_107 /* MacCommand.CreateDomain.swift */ = {isa = PBXFileReference; lastKnownFileType = sourcecode.swift; path = MacCommand.CreateDomain.swift; sourceTree = "<group>"; };
		OBJ_108 /* MacCommand.Delta.swift */ = {isa = PBXFileReference; lastKnownFileType = sourcecode.swift; path = MacCommand.Delta.swift; sourceTree = "<group>"; };
		OBJ_109 /* MacCommand.ReadBlacklist.swift */ = {isa = PBXFileReference; lastKnownFileType = sourcecode.swift; path = MacCommand.ReadBlacklist.swift; sourceTree = "<group>"; };
		OBJ_11 /* CAsl.h */ = {isa = PBXFileReference; lastKnownFileType = sourcecode.c.h; path = CAsl.h; sourceTree = "<group>"; };
		OBJ_110 /* MacCommand.ReadDomains.swift */ = {isa = PBXFileReference; lastKnownFileType = sourcecode.swift; path = MacCommand.ReadDomains.swift; sourceTree = "<group>"; };
		OBJ_111 /* MacCommand.ReadServerParameter.swift */ = {isa = PBXFileReference; lastKnownFileType = sourcecode.swift; path = MacCommand.ReadServerParameter.swift; sourceTree = "<group>"; };
		OBJ_112 /* MacCommand.ReadServerTelemetry.swift */ = {isa = PBXFileReference; lastKnownFileType = sourcecode.swift; path = MacCommand.ReadServerTelemetry.swift; sourceTree = "<group>"; };
		OBJ_113 /* MacCommand.ReadServices.swift */ = {isa = PBXFileReference; lastKnownFileType = sourcecode.swift; path = MacCommand.ReadServices.swift; sourceTree = "<group>"; };
		OBJ_114 /* MacCommand.ReadStatistics.swift */ = {isa = PBXFileReference; lastKnownFileType = sourcecode.swift; path = MacCommand.ReadStatistics.swift; sourceTree = "<group>"; };
		OBJ_115 /* MacCommand.RemoveDomain.swift */ = {isa = PBXFileReference; lastKnownFileType = sourcecode.swift; path = MacCommand.RemoveDomain.swift; sourceTree = "<group>"; };
		OBJ_116 /* MacCommand.ResetDomainTelemetry.swift */ = {isa = PBXFileReference; lastKnownFileType = sourcecode.swift; path = MacCommand.ResetDomainTelemetry.swift; sourceTree = "<group>"; };
		OBJ_117 /* MacCommand.RestoreBlacklist.swift */ = {isa = PBXFileReference; lastKnownFileType = sourcecode.swift; path = MacCommand.RestoreBlacklist.swift; sourceTree = "<group>"; };
		OBJ_118 /* MacCommand.RestoreDomains.swift */ = {isa = PBXFileReference; lastKnownFileType = sourcecode.swift; path = MacCommand.RestoreDomains.swift; sourceTree = "<group>"; };
		OBJ_119 /* MacCommand.RestoreServerParameters.swift */ = {isa = PBXFileReference; lastKnownFileType = sourcecode.swift; path = MacCommand.RestoreServerParameters.swift; sourceTree = "<group>"; };
		OBJ_12 /* module.modulemap */ = {isa = PBXFileReference; lastKnownFileType = "sourcecode.module-map"; name = module.modulemap; path = /Volumes/Home/Users/Rien/Documents/Projects/Swiftfire/Swiftfire.xcodeproj/GeneratedModuleMap/CAsl/module.modulemap; sourceTree = "<group>"; };
		OBJ_120 /* MacCommand.SaveBlacklist.swift */ = {isa = PBXFileReference; lastKnownFileType = sourcecode.swift; path = MacCommand.SaveBlacklist.swift; sourceTree = "<group>"; };
		OBJ_121 /* MacCommand.SaveDomains.swift */ = {isa = PBXFileReference; lastKnownFileType = sourcecode.swift; path = MacCommand.SaveDomains.swift; sourceTree = "<group>"; };
		OBJ_122 /* MacCommand.SaveServerParameters.swift */ = {isa = PBXFileReference; lastKnownFileType = sourcecode.swift; path = MacCommand.SaveServerParameters.swift; sourceTree = "<group>"; };
		OBJ_123 /* MacCommand.ServerQuit.swift */ = {isa = PBXFileReference; lastKnownFileType = sourcecode.swift; path = MacCommand.ServerQuit.swift; sourceTree = "<group>"; };
		OBJ_124 /* MacCommand.ServerStart.swift */ = {isa = PBXFileReference; lastKnownFileType = sourcecode.swift; path = MacCommand.ServerStart.swift; sourceTree = "<group>"; };
		OBJ_125 /* MacCommand.ServerStop.swift */ = {isa = PBXFileReference; lastKnownFileType = sourcecode.swift; path = MacCommand.ServerStop.swift; sourceTree = "<group>"; };
		OBJ_126 /* MacCommand.UpdateBlacklist.swift */ = {isa = PBXFileReference; lastKnownFileType = sourcecode.swift; path = MacCommand.UpdateBlacklist.swift; sourceTree = "<group>"; };
		OBJ_127 /* MacCommand.UpdateClient.swift */ = {isa = PBXFileReference; lastKnownFileType = sourcecode.swift; path = MacCommand.UpdateClient.swift; sourceTree = "<group>"; };
		OBJ_128 /* MacCommand.UpdateDomain.swift */ = {isa = PBXFileReference; lastKnownFileType = sourcecode.swift; path = MacCommand.UpdateDomain.swift; sourceTree = "<group>"; };
		OBJ_129 /* MacCommand.UpdatePathPart.swift */ = {isa = PBXFileReference; lastKnownFileType = sourcecode.swift; path = MacCommand.UpdatePathPart.swift; sourceTree = "<group>"; };
		OBJ_130 /* MacCommand.UpdateServices.swift */ = {isa = PBXFileReference; lastKnownFileType = sourcecode.swift; path = MacCommand.UpdateServices.swift; sourceTree = "<group>"; };
		OBJ_131 /* MacCommand.WriteServerParameter.swift */ = {isa = PBXFileReference; lastKnownFileType = sourcecode.swift; path = MacCommand.WriteServerParameter.swift; sourceTree = "<group>"; };
		OBJ_132 /* main.swift */ = {isa = PBXFileReference; lastKnownFileType = sourcecode.swift; path = main.swift; sourceTree = "<group>"; };
		OBJ_133 /* MonitoringAndControlConnection.swift */ = {isa = PBXFileReference; lastKnownFileType = sourcecode.swift; path = MonitoringAndControlConnection.swift; sourceTree = "<group>"; };
		OBJ_134 /* Mutation.Extensions.swift */ = {isa = PBXFileReference; lastKnownFileType = sourcecode.swift; path = Mutation.Extensions.swift; sourceTree = "<group>"; };
		OBJ_136 /* build */ = {isa = PBXFileReference; lastKnownFileType = folder; path = build; sourceTree = SOURCE_ROOT; };
		OBJ_138 /* CAsl.framework */ = {isa = PBXFileReference; explicitFileType = wrapper.framework; path = CAsl.framework; sourceTree = BUILT_PRODUCTS_DIR; };
		OBJ_139 /* Ascii.framework */ = {isa = PBXFileReference; explicitFileType = wrapper.framework; path = Ascii.framework; sourceTree = BUILT_PRODUCTS_DIR; };
		OBJ_14 /* Ascii.swift */ = {isa = PBXFileReference; lastKnownFileType = sourcecode.swift; path = Ascii.swift; sourceTree = "<group>"; };
		OBJ_140 /* SwifterJSON.framework */ = {isa = PBXFileReference; explicitFileType = wrapper.framework; path = SwifterJSON.framework; sourceTree = BUILT_PRODUCTS_DIR; };
		OBJ_141 /* SwifterSockets.framework */ = {isa = PBXFileReference; explicitFileType = wrapper.framework; path = SwifterSockets.framework; sourceTree = BUILT_PRODUCTS_DIR; };
		OBJ_142 /* SwifterLog.framework */ = {isa = PBXFileReference; explicitFileType = wrapper.framework; path = SwifterLog.framework; sourceTree = BUILT_PRODUCTS_DIR; };
		OBJ_143 /* SwiftfireCore.framework */ = {isa = PBXFileReference; explicitFileType = wrapper.framework; path = SwiftfireCore.framework; sourceTree = BUILT_PRODUCTS_DIR; };
		OBJ_144 /* Swiftfire */ = {isa = PBXFileReference; lastKnownFileType = "compiled.mach-o.executable"; path = Swiftfire; sourceTree = BUILT_PRODUCTS_DIR; };
		OBJ_16 /* VJson.swift */ = {isa = PBXFileReference; lastKnownFileType = sourcecode.swift; path = VJson.swift; sourceTree = "<group>"; };
		OBJ_18 /* SwifterSockets.Accept.swift */ = {isa = PBXFileReference; lastKnownFileType = sourcecode.swift; path = SwifterSockets.Accept.swift; sourceTree = "<group>"; };
		OBJ_19 /* SwifterSockets.Client.swift */ = {isa = PBXFileReference; lastKnownFileType = sourcecode.swift; path = SwifterSockets.Client.swift; sourceTree = "<group>"; };
		OBJ_20 /* SwifterSockets.Connection.swift */ = {isa = PBXFileReference; lastKnownFileType = sourcecode.swift; path = SwifterSockets.Connection.swift; sourceTree = "<group>"; };
		OBJ_21 /* SwifterSockets.ConnectionPool.swift */ = {isa = PBXFileReference; lastKnownFileType = sourcecode.swift; path = SwifterSockets.ConnectionPool.swift; sourceTree = "<group>"; };
		OBJ_22 /* SwifterSockets.Receive.swift */ = {isa = PBXFileReference; lastKnownFileType = sourcecode.swift; path = SwifterSockets.Receive.swift; sourceTree = "<group>"; };
		OBJ_23 /* SwifterSockets.Server.swift */ = {isa = PBXFileReference; lastKnownFileType = sourcecode.swift; path = SwifterSockets.Server.swift; sourceTree = "<group>"; };
		OBJ_24 /* SwifterSockets.swift */ = {isa = PBXFileReference; lastKnownFileType = sourcecode.swift; path = SwifterSockets.swift; sourceTree = "<group>"; };
		OBJ_25 /* SwifterSockets.Transmit.swift */ = {isa = PBXFileReference; lastKnownFileType = sourcecode.swift; path = SwifterSockets.Transmit.swift; sourceTree = "<group>"; };
		OBJ_27 /* SwifterLog.Network.swift */ = {isa = PBXFileReference; lastKnownFileType = sourcecode.swift; path = SwifterLog.Network.swift; sourceTree = "<group>"; };
		OBJ_28 /* SwifterLog.swift */ = {isa = PBXFileReference; lastKnownFileType = sourcecode.swift; path = SwifterLog.swift; sourceTree = "<group>"; };
		OBJ_30 /* AccessLog.swift */ = {isa = PBXFileReference; lastKnownFileType = sourcecode.swift; path = AccessLog.swift; sourceTree = "<group>"; };
		OBJ_31 /* Blacklist.swift */ = {isa = PBXFileReference; lastKnownFileType = sourcecode.swift; path = Blacklist.swift; sourceTree = "<group>"; };
		OBJ_32 /* ClosingMacConnection.swift */ = {isa = PBXFileReference; lastKnownFileType = sourcecode.swift; path = ClosingMacConnection.swift; sourceTree = "<group>"; };
		OBJ_33 /* CreateDomainCommand.swift */ = {isa = PBXFileReference; lastKnownFileType = sourcecode.swift; path = CreateDomainCommand.swift; sourceTree = "<group>"; };
		OBJ_34 /* DeltaCommand.swift */ = {isa = PBXFileReference; lastKnownFileType = sourcecode.swift; path = DeltaCommand.swift; sourceTree = "<group>"; };
		OBJ_35 /* Domain.swift */ = {isa = PBXFileReference; lastKnownFileType = sourcecode.swift; path = Domain.swift; sourceTree = "<group>"; };
		OBJ_36 /* Domains.swift */ = {isa = PBXFileReference; lastKnownFileType = sourcecode.swift; path = Domains.swift; sourceTree = "<group>"; };
		OBJ_37 /* DomainServices.swift */ = {isa = PBXFileReference; lastKnownFileType = sourcecode.swift; path = DomainServices.swift; sourceTree = "<group>"; };
		OBJ_38 /* DomainTelemetry.swift */ = {isa = PBXFileReference; lastKnownFileType = sourcecode.swift; path = DomainTelemetry.swift; sourceTree = "<group>"; };
		OBJ_39 /* Extensions.swift */ = {isa = PBXFileReference; lastKnownFileType = sourcecode.swift; path = Extensions.swift; sourceTree = "<group>"; };
		OBJ_40 /* Four04Log.swift */ = {isa = PBXFileReference; lastKnownFileType = sourcecode.swift; path = Four04Log.swift; sourceTree = "<group>"; };
		OBJ_41 /* GenericHelpers.swift */ = {isa = PBXFileReference; lastKnownFileType = sourcecode.swift; path = GenericHelpers.swift; sourceTree = "<group>"; };
		OBJ_42 /* HttpHeader.swift */ = {isa = PBXFileReference; lastKnownFileType = sourcecode.swift; path = HttpHeader.swift; sourceTree = "<group>"; };
		OBJ_43 /* HttpHost.swift */ = {isa = PBXFileReference; lastKnownFileType = sourcecode.swift; path = HttpHost.swift; sourceTree = "<group>"; };
		OBJ_44 /* HttpResponse.swift */ = {isa = PBXFileReference; lastKnownFileType = sourcecode.swift; path = HttpResponse.swift; sourceTree = "<group>"; };
		OBJ_45 /* HttpResponseCodes.swift */ = {isa = PBXFileReference; lastKnownFileType = sourcecode.swift; path = HttpResponseCodes.swift; sourceTree = "<group>"; };
		OBJ_46 /* Logfile.swift */ = {isa = PBXFileReference; lastKnownFileType = sourcecode.swift; path = Logfile.swift; sourceTree = "<group>"; };
		OBJ_47 /* LogLineMessage.swift */ = {isa = PBXFileReference; lastKnownFileType = sourcecode.swift; path = LogLineMessage.swift; sourceTree = "<group>"; };
		OBJ_48 /* MacMessage.swift */ = {isa = PBXFileReference; lastKnownFileType = sourcecode.swift; path = MacMessage.swift; sourceTree = "<group>"; };
		OBJ_49 /* MimeType.swift */ = {isa = PBXFileReference; lastKnownFileType = sourcecode.swift; path = MimeType.swift; sourceTree = "<group>"; };
		OBJ_50 /* Mutation.swift */ = {isa = PBXFileReference; lastKnownFileType = sourcecode.swift; path = Mutation.swift; sourceTree = "<group>"; };
		OBJ_51 /* Parameters.swift */ = {isa = PBXFileReference; lastKnownFileType = sourcecode.swift; path = Parameters.swift; sourceTree = "<group>"; };
		OBJ_52 /* ReadBlacklistCommand.swift */ = {isa = PBXFileReference; lastKnownFileType = sourcecode.swift; path = ReadBlacklistCommand.swift; sourceTree = "<group>"; };
		OBJ_53 /* ReadBlacklistReply.swift */ = {isa = PBXFileReference; lastKnownFileType = sourcecode.swift; path = ReadBlacklistReply.swift; sourceTree = "<group>"; };
		OBJ_54 /* ReadDomainsCommand.swift */ = {isa = PBXFileReference; lastKnownFileType = sourcecode.swift; path = ReadDomainsCommand.swift; sourceTree = "<group>"; };
		OBJ_55 /* ReadDomainsReply.swift */ = {isa = PBXFileReference; lastKnownFileType = sourcecode.swift; path = ReadDomainsReply.swift; sourceTree = "<group>"; };
		OBJ_56 /* ReadServerParameterCommand.swift */ = {isa = PBXFileReference; lastKnownFileType = sourcecode.swift; path = ReadServerParameterCommand.swift; sourceTree = "<group>"; };
		OBJ_57 /* ReadServerParameterReply.swift */ = {isa = PBXFileReference; lastKnownFileType = sourcecode.swift; path = ReadServerParameterReply.swift; sourceTree = "<group>"; };
		OBJ_58 /* ReadServerTelemetryCommand.swift */ = {isa = PBXFileReference; lastKnownFileType = sourcecode.swift; path = ReadServerTelemetryCommand.swift; sourceTree = "<group>"; };
		OBJ_59 /* ReadServerTelemetryReply.swift */ = {isa = PBXFileReference; lastKnownFileType = sourcecode.swift; path = ReadServerTelemetryReply.swift; sourceTree = "<group>"; };
		OBJ_6 /* Package.swift */ = {isa = PBXFileReference; explicitFileType = sourcecode.swift; path = Package.swift; sourceTree = "<group>"; };
		OBJ_60 /* ReadServicesCommand.swift */ = {isa = PBXFileReference; lastKnownFileType = sourcecode.swift; path = ReadServicesCommand.swift; sourceTree = "<group>"; };
		OBJ_61 /* ReadServicesReply.swift */ = {isa = PBXFileReference; lastKnownFileType = sourcecode.swift; path = ReadServicesReply.swift; sourceTree = "<group>"; };
		OBJ_62 /* ReadStatisticsCommand.swift */ = {isa = PBXFileReference; lastKnownFileType = sourcecode.swift; path = ReadStatisticsCommand.swift; sourceTree = "<group>"; };
		OBJ_63 /* ReadStatisticsReply.swift */ = {isa = PBXFileReference; lastKnownFileType = sourcecode.swift; path = ReadStatisticsReply.swift; sourceTree = "<group>"; };
		OBJ_64 /* RemoveDomainCommand.swift */ = {isa = PBXFileReference; lastKnownFileType = sourcecode.swift; path = RemoveDomainCommand.swift; sourceTree = "<group>"; };
		OBJ_65 /* ResetDomainTelemetryCommand.swift */ = {isa = PBXFileReference; lastKnownFileType = sourcecode.swift; path = ResetDomainTelemetryCommand.swift; sourceTree = "<group>"; };
		OBJ_66 /* RestoreBlacklistCommand.swift */ = {isa = PBXFileReference; lastKnownFileType = sourcecode.swift; path = RestoreBlacklistCommand.swift; sourceTree = "<group>"; };
		OBJ_67 /* RestoreDomainsCommand.swift */ = {isa = PBXFileReference; lastKnownFileType = sourcecode.swift; path = RestoreDomainsCommand.swift; sourceTree = "<group>"; };
		OBJ_68 /* RestoreServerParametersCommand.swift */ = {isa = PBXFileReference; lastKnownFileType = sourcecode.swift; path = RestoreServerParametersCommand.swift; sourceTree = "<group>"; };
		OBJ_69 /* SaveBlacklistCommand.swift */ = {isa = PBXFileReference; lastKnownFileType = sourcecode.swift; path = SaveBlacklistCommand.swift; sourceTree = "<group>"; };
		OBJ_70 /* SaveDomainsCommand.swift */ = {isa = PBXFileReference; lastKnownFileType = sourcecode.swift; path = SaveDomainsCommand.swift; sourceTree = "<group>"; };
		OBJ_71 /* SaveServerParametersCommand.swift */ = {isa = PBXFileReference; lastKnownFileType = sourcecode.swift; path = SaveServerParametersCommand.swift; sourceTree = "<group>"; };
		OBJ_72 /* ServerParameterNames.swift */ = {isa = PBXFileReference; lastKnownFileType = sourcecode.swift; path = ServerParameterNames.swift; sourceTree = "<group>"; };
		OBJ_73 /* ServerQuitCommand.swift */ = {isa = PBXFileReference; lastKnownFileType = sourcecode.swift; path = ServerQuitCommand.swift; sourceTree = "<group>"; };
		OBJ_74 /* ServerStartCommand.swift */ = {isa = PBXFileReference; lastKnownFileType = sourcecode.swift; path = ServerStartCommand.swift; sourceTree = "<group>"; };
		OBJ_75 /* ServerStopCommand.swift */ = {isa = PBXFileReference; lastKnownFileType = sourcecode.swift; path = ServerStopCommand.swift; sourceTree = "<group>"; };
		OBJ_76 /* ServerTelemetryNames.swift */ = {isa = PBXFileReference; lastKnownFileType = sourcecode.swift; path = ServerTelemetryNames.swift; sourceTree = "<group>"; };
		OBJ_77 /* Statistics.swift */ = {isa = PBXFileReference; lastKnownFileType = sourcecode.swift; path = Statistics.swift; sourceTree = "<group>"; };
		OBJ_78 /* StClient.swift */ = {isa = PBXFileReference; lastKnownFileType = sourcecode.swift; path = StClient.swift; sourceTree = "<group>"; };
		OBJ_79 /* StClientRecord.swift */ = {isa = PBXFileReference; lastKnownFileType = sourcecode.swift; path = StClientRecord.swift; sourceTree = "<group>"; };
		OBJ_80 /* StClients.swift */ = {isa = PBXFileReference; lastKnownFileType = sourcecode.swift; path = StClients.swift; sourceTree = "<group>"; };
		OBJ_81 /* StCounter.swift */ = {isa = PBXFileReference; lastKnownFileType = sourcecode.swift; path = StCounter.swift; sourceTree = "<group>"; };
		OBJ_82 /* StDomains.swift */ = {isa = PBXFileReference; lastKnownFileType = sourcecode.swift; path = StDomains.swift; sourceTree = "<group>"; };
		OBJ_83 /* StPathPart.swift */ = {isa = PBXFileReference; lastKnownFileType = sourcecode.swift; path = StPathPart.swift; sourceTree = "<group>"; };
		OBJ_84 /* Telemetry.swift */ = {isa = PBXFileReference; lastKnownFileType = sourcecode.swift; path = Telemetry.swift; sourceTree = "<group>"; };
		OBJ_85 /* TimedClosure.swift */ = {isa = PBXFileReference; lastKnownFileType = sourcecode.swift; path = TimedClosure.swift; sourceTree = "<group>"; };
		OBJ_86 /* UIntTelemetry.swift */ = {isa = PBXFileReference; lastKnownFileType = sourcecode.swift; path = UIntTelemetry.swift; sourceTree = "<group>"; };
		OBJ_87 /* UpdateBlacklistCommand.swift */ = {isa = PBXFileReference; lastKnownFileType = sourcecode.swift; path = UpdateBlacklistCommand.swift; sourceTree = "<group>"; };
		OBJ_88 /* UpdateClientCommand.swift */ = {isa = PBXFileReference; lastKnownFileType = sourcecode.swift; path = UpdateClientCommand.swift; sourceTree = "<group>"; };
		OBJ_89 /* UpdateDomainCommand.swift */ = {isa = PBXFileReference; lastKnownFileType = sourcecode.swift; path = UpdateDomainCommand.swift; sourceTree = "<group>"; };
		OBJ_9 /* CAsl.m */ = {isa = PBXFileReference; lastKnownFileType = sourcecode.c.objc; path = CAsl.m; sourceTree = "<group>"; };
		OBJ_90 /* UpdatePathPartCommand.swift */ = {isa = PBXFileReference; lastKnownFileType = sourcecode.swift; path = UpdatePathPartCommand.swift; sourceTree = "<group>"; };
		OBJ_91 /* UpdateServicesCommand.swift */ = {isa = PBXFileReference; lastKnownFileType = sourcecode.swift; path = UpdateServicesCommand.swift; sourceTree = "<group>"; };
		OBJ_92 /* WallclockTime.swift */ = {isa = PBXFileReference; lastKnownFileType = sourcecode.swift; path = WallclockTime.swift; sourceTree = "<group>"; };
		OBJ_93 /* WriteServerParameterCommand.swift */ = {isa = PBXFileReference; lastKnownFileType = sourcecode.swift; path = WriteServerParameterCommand.swift; sourceTree = "<group>"; };
		OBJ_95 /* Domain.Extensions.swift */ = {isa = PBXFileReference; lastKnownFileType = sourcecode.swift; path = Domain.Extensions.swift; sourceTree = "<group>"; };
		OBJ_96 /* DomainService.Blacklist.swift */ = {isa = PBXFileReference; lastKnownFileType = sourcecode.swift; path = DomainService.Blacklist.swift; sourceTree = "<group>"; };
		OBJ_97 /* DomainService.GetFileAtResourcePath.swift */ = {isa = PBXFileReference; lastKnownFileType = sourcecode.swift; path = DomainService.GetFileAtResourcePath.swift; sourceTree = "<group>"; };
		OBJ_98 /* DomainService.GetResourcePathFromUrl.swift */ = {isa = PBXFileReference; lastKnownFileType = sourcecode.swift; path = DomainService.GetResourcePathFromUrl.swift; sourceTree = "<group>"; };
		OBJ_99 /* DomainService.OnlyGetOrPost.swift */ = {isa = PBXFileReference; lastKnownFileType = sourcecode.swift; path = DomainService.OnlyGetOrPost.swift; sourceTree = "<group>"; };
/* End PBXFileReference section */

/* Begin PBXFrameworksBuildPhase section */
		OBJ_152 /* Frameworks */ = {
			isa = PBXFrameworksBuildPhase;
			buildActionMask = 0;
			files = (
			);
			runOnlyForDeploymentPostprocessing = 0;
		};
		OBJ_159 /* Frameworks */ = {
			isa = PBXFrameworksBuildPhase;
			buildActionMask = 0;
			files = (
			);
			runOnlyForDeploymentPostprocessing = 0;
		};
		OBJ_166 /* Frameworks */ = {
			isa = PBXFrameworksBuildPhase;
			buildActionMask = 0;
			files = (
				OBJ_167 /* Ascii.framework in Frameworks */,
			);
			runOnlyForDeploymentPostprocessing = 0;
		};
		OBJ_182 /* Frameworks */ = {
			isa = PBXFrameworksBuildPhase;
			buildActionMask = 0;
			files = (
			);
			runOnlyForDeploymentPostprocessing = 0;
		};
		OBJ_190 /* Frameworks */ = {
			isa = PBXFrameworksBuildPhase;
			buildActionMask = 0;
			files = (
				OBJ_191 /* CAsl.framework in Frameworks */,
				OBJ_192 /* Ascii.framework in Frameworks */,
				OBJ_193 /* SwifterJSON.framework in Frameworks */,
				OBJ_194 /* SwifterSockets.framework in Frameworks */,
			);
			runOnlyForDeploymentPostprocessing = 0;
		};
		OBJ_268 /* Frameworks */ = {
			isa = PBXFrameworksBuildPhase;
			buildActionMask = 0;
			files = (
				OBJ_269 /* CAsl.framework in Frameworks */,
				OBJ_270 /* Ascii.framework in Frameworks */,
				OBJ_271 /* SwifterJSON.framework in Frameworks */,
				OBJ_272 /* SwifterSockets.framework in Frameworks */,
				OBJ_273 /* SwifterLog.framework in Frameworks */,
			);
			runOnlyForDeploymentPostprocessing = 0;
		};
		OBJ_324 /* Frameworks */ = {
			isa = PBXFrameworksBuildPhase;
			buildActionMask = 0;
			files = (
				OBJ_325 /* CAsl.framework in Frameworks */,
				OBJ_326 /* Ascii.framework in Frameworks */,
				OBJ_327 /* SwifterJSON.framework in Frameworks */,
				OBJ_328 /* SwifterSockets.framework in Frameworks */,
				OBJ_329 /* SwifterLog.framework in Frameworks */,
				OBJ_330 /* SwiftfireCore.framework in Frameworks */,
			);
			runOnlyForDeploymentPostprocessing = 0;
		};
/* End PBXFrameworksBuildPhase section */

/* Begin PBXGroup section */
		OBJ_10 /* include */ = {
			isa = PBXGroup;
			children = (
				OBJ_11 /* CAsl.h */,
				OBJ_12 /* module.modulemap */,
			);
			path = include;
			sourceTree = "<group>";
		};
		OBJ_13 /* Ascii */ = {
			isa = PBXGroup;
			children = (
				OBJ_14 /* Ascii.swift */,
			);
			name = Ascii;
			path = "Packages/Ascii-1.0.0/Sources";
			sourceTree = SOURCE_ROOT;
		};
		OBJ_135 /* Tests */ = {
			isa = PBXGroup;
			children = (
			);
			path = Tests;
			sourceTree = "<group>";
		};
		OBJ_137 /* Products */ = {
			isa = PBXGroup;
			children = (
				OBJ_138 /* CAsl.framework */,
				OBJ_139 /* Ascii.framework */,
				OBJ_140 /* SwifterJSON.framework */,
				OBJ_141 /* SwifterSockets.framework */,
				OBJ_142 /* SwifterLog.framework */,
				OBJ_143 /* SwiftfireCore.framework */,
				OBJ_144 /* Swiftfire */,
			);
			name = Products;
			sourceTree = BUILT_PRODUCTS_DIR;
		};
		OBJ_15 /* SwifterJSON */ = {
			isa = PBXGroup;
			children = (
				OBJ_16 /* VJson.swift */,
			);
			name = SwifterJSON;
			path = "Packages/SwifterJSON-0.9.16/Sources";
			sourceTree = SOURCE_ROOT;
		};
		OBJ_17 /* SwifterSockets */ = {
			isa = PBXGroup;
			children = (
				OBJ_18 /* SwifterSockets.Accept.swift */,
				OBJ_19 /* SwifterSockets.Client.swift */,
				OBJ_20 /* SwifterSockets.Connection.swift */,
				OBJ_21 /* SwifterSockets.ConnectionPool.swift */,
				OBJ_22 /* SwifterSockets.Receive.swift */,
				OBJ_23 /* SwifterSockets.Server.swift */,
				OBJ_24 /* SwifterSockets.swift */,
				OBJ_25 /* SwifterSockets.Transmit.swift */,
			);
			name = SwifterSockets;
			path = "Packages/SwifterSockets-0.9.14/Sources";
			sourceTree = SOURCE_ROOT;
		};
		OBJ_26 /* SwifterLog */ = {
			isa = PBXGroup;
			children = (
				OBJ_27 /* SwifterLog.Network.swift */,
				OBJ_28 /* SwifterLog.swift */,
			);
			name = SwifterLog;
			path = "Packages/SwifterLog-0.9.19/Sources";
			sourceTree = SOURCE_ROOT;
		};
		OBJ_29 /* SwiftfireCore */ = {
			isa = PBXGroup;
			children = (
				OBJ_30 /* AccessLog.swift */,
				OBJ_31 /* Blacklist.swift */,
				OBJ_32 /* ClosingMacConnection.swift */,
				OBJ_33 /* CreateDomainCommand.swift */,
				OBJ_34 /* DeltaCommand.swift */,
				OBJ_35 /* Domain.swift */,
				OBJ_36 /* Domains.swift */,
				OBJ_37 /* DomainServices.swift */,
				OBJ_38 /* DomainTelemetry.swift */,
				OBJ_39 /* Extensions.swift */,
				OBJ_40 /* Four04Log.swift */,
				OBJ_41 /* GenericHelpers.swift */,
				OBJ_42 /* HttpHeader.swift */,
				OBJ_43 /* HttpHost.swift */,
				OBJ_44 /* HttpResponse.swift */,
				OBJ_45 /* HttpResponseCodes.swift */,
				OBJ_46 /* Logfile.swift */,
				OBJ_47 /* LogLineMessage.swift */,
				OBJ_48 /* MacMessage.swift */,
				OBJ_49 /* MimeType.swift */,
				OBJ_50 /* Mutation.swift */,
				OBJ_51 /* Parameters.swift */,
				OBJ_52 /* ReadBlacklistCommand.swift */,
				OBJ_53 /* ReadBlacklistReply.swift */,
				OBJ_54 /* ReadDomainsCommand.swift */,
				OBJ_55 /* ReadDomainsReply.swift */,
				OBJ_56 /* ReadServerParameterCommand.swift */,
				OBJ_57 /* ReadServerParameterReply.swift */,
				OBJ_58 /* ReadServerTelemetryCommand.swift */,
				OBJ_59 /* ReadServerTelemetryReply.swift */,
				OBJ_60 /* ReadServicesCommand.swift */,
				OBJ_61 /* ReadServicesReply.swift */,
				OBJ_62 /* ReadStatisticsCommand.swift */,
				OBJ_63 /* ReadStatisticsReply.swift */,
				OBJ_64 /* RemoveDomainCommand.swift */,
				OBJ_65 /* ResetDomainTelemetryCommand.swift */,
				OBJ_66 /* RestoreBlacklistCommand.swift */,
				OBJ_67 /* RestoreDomainsCommand.swift */,
				OBJ_68 /* RestoreServerParametersCommand.swift */,
				OBJ_69 /* SaveBlacklistCommand.swift */,
				OBJ_70 /* SaveDomainsCommand.swift */,
				OBJ_71 /* SaveServerParametersCommand.swift */,
				OBJ_72 /* ServerParameterNames.swift */,
				OBJ_73 /* ServerQuitCommand.swift */,
				OBJ_74 /* ServerStartCommand.swift */,
				OBJ_75 /* ServerStopCommand.swift */,
				OBJ_76 /* ServerTelemetryNames.swift */,
				OBJ_77 /* Statistics.swift */,
				OBJ_78 /* StClient.swift */,
				OBJ_79 /* StClientRecord.swift */,
				OBJ_80 /* StClients.swift */,
				OBJ_81 /* StCounter.swift */,
				OBJ_82 /* StDomains.swift */,
				OBJ_83 /* StPathPart.swift */,
				OBJ_84 /* Telemetry.swift */,
				OBJ_85 /* TimedClosure.swift */,
				OBJ_86 /* UIntTelemetry.swift */,
				OBJ_87 /* UpdateBlacklistCommand.swift */,
				OBJ_88 /* UpdateClientCommand.swift */,
				OBJ_89 /* UpdateDomainCommand.swift */,
				OBJ_90 /* UpdatePathPartCommand.swift */,
				OBJ_91 /* UpdateServicesCommand.swift */,
				OBJ_92 /* WallclockTime.swift */,
				OBJ_93 /* WriteServerParameterCommand.swift */,
			);
			name = SwiftfireCore;
			path = "Packages/SwiftfireCore-0.1.0/Sources";
			sourceTree = SOURCE_ROOT;
		};
		OBJ_5 /*  */ = {
			isa = PBXGroup;
			children = (
				OBJ_6 /* Package.swift */,
				OBJ_7 /* Sources */,
				OBJ_135 /* Tests */,
				OBJ_136 /* build */,
				OBJ_137 /* Products */,
			);
			name = "";
			sourceTree = "<group>";
		};
		OBJ_7 /* Sources */ = {
			isa = PBXGroup;
			children = (
				OBJ_8 /* CAsl */,
				OBJ_13 /* Ascii */,
				OBJ_15 /* SwifterJSON */,
				OBJ_17 /* SwifterSockets */,
				OBJ_26 /* SwifterLog */,
				OBJ_29 /* SwiftfireCore */,
				OBJ_94 /* Swiftfire */,
			);
			path = Sources;
			sourceTree = "<group>";
		};
		OBJ_8 /* CAsl */ = {
			isa = PBXGroup;
			children = (
				OBJ_9 /* CAsl.m */,
				OBJ_10 /* include */,
			);
			name = CAsl;
			path = "Packages/CAsl-0.1.0/Sources";
			sourceTree = SOURCE_ROOT;
		};
		OBJ_94 /* Swiftfire */ = {
			isa = PBXGroup;
			children = (
				OBJ_95 /* Domain.Extensions.swift */,
				OBJ_96 /* DomainService.Blacklist.swift */,
				OBJ_97 /* DomainService.GetFileAtResourcePath.swift */,
				OBJ_98 /* DomainService.GetResourcePathFromUrl.swift */,
				OBJ_99 /* DomainService.OnlyGetOrPost.swift */,
				OBJ_100 /* DomainService.OnlyHttp10or11.swift */,
				OBJ_101 /* DomainServices.Registration.swift */,
				OBJ_102 /* FileURLs.swift */,
				OBJ_103 /* Forwarder.swift */,
				OBJ_104 /* HttpConnection.swift */,
				OBJ_105 /* HttpConnection.Worker.swift */,
				OBJ_106 /* HttpHeaderLogger.swift */,
				OBJ_107 /* MacCommand.CreateDomain.swift */,
				OBJ_108 /* MacCommand.Delta.swift */,
				OBJ_109 /* MacCommand.ReadBlacklist.swift */,
				OBJ_110 /* MacCommand.ReadDomains.swift */,
				OBJ_111 /* MacCommand.ReadServerParameter.swift */,
				OBJ_112 /* MacCommand.ReadServerTelemetry.swift */,
				OBJ_113 /* MacCommand.ReadServices.swift */,
				OBJ_114 /* MacCommand.ReadStatistics.swift */,
				OBJ_115 /* MacCommand.RemoveDomain.swift */,
				OBJ_116 /* MacCommand.ResetDomainTelemetry.swift */,
				OBJ_117 /* MacCommand.RestoreBlacklist.swift */,
				OBJ_118 /* MacCommand.RestoreDomains.swift */,
				OBJ_119 /* MacCommand.RestoreServerParameters.swift */,
				OBJ_120 /* MacCommand.SaveBlacklist.swift */,
				OBJ_121 /* MacCommand.SaveDomains.swift */,
				OBJ_122 /* MacCommand.SaveServerParameters.swift */,
				OBJ_123 /* MacCommand.ServerQuit.swift */,
				OBJ_124 /* MacCommand.ServerStart.swift */,
				OBJ_125 /* MacCommand.ServerStop.swift */,
				OBJ_126 /* MacCommand.UpdateBlacklist.swift */,
				OBJ_127 /* MacCommand.UpdateClient.swift */,
				OBJ_128 /* MacCommand.UpdateDomain.swift */,
				OBJ_129 /* MacCommand.UpdatePathPart.swift */,
				OBJ_130 /* MacCommand.UpdateServices.swift */,
				OBJ_131 /* MacCommand.WriteServerParameter.swift */,
				OBJ_132 /* main.swift */,
				OBJ_133 /* MonitoringAndControlConnection.swift */,
				OBJ_134 /* Mutation.Extensions.swift */,
			);
			name = Swiftfire;
			path = Sources;
			sourceTree = SOURCE_ROOT;
		};
/* End PBXGroup section */

/* Begin PBXNativeTarget section */
		OBJ_145 /* CAsl */ = {
			isa = PBXNativeTarget;
			buildConfigurationList = OBJ_146 /* Build configuration list for PBXNativeTarget "CAsl" */;
			buildPhases = (
				OBJ_149 /* ShellScript */,
				OBJ_150 /* Sources */,
				OBJ_152 /* Frameworks */,
			);
			buildRules = (
			);
			dependencies = (
			);
			name = CAsl;
			productName = CAsl;
			productReference = OBJ_138 /* CAsl.framework */;
			productType = "com.apple.product-type.framework";
		};
		OBJ_153 /* Ascii */ = {
			isa = PBXNativeTarget;
			buildConfigurationList = OBJ_154 /* Build configuration list for PBXNativeTarget "Ascii" */;
			buildPhases = (
				OBJ_157 /* Sources */,
				OBJ_159 /* Frameworks */,
			);
			buildRules = (
			);
			dependencies = (
			);
			name = Ascii;
			productName = Ascii;
			productReference = OBJ_139 /* Ascii.framework */;
			productType = "com.apple.product-type.framework";
		};
		OBJ_160 /* SwifterJSON */ = {
			isa = PBXNativeTarget;
			buildConfigurationList = OBJ_161 /* Build configuration list for PBXNativeTarget "SwifterJSON" */;
			buildPhases = (
				OBJ_164 /* Sources */,
				OBJ_166 /* Frameworks */,
			);
			buildRules = (
			);
			dependencies = (
				OBJ_168 /* PBXTargetDependency */,
			);
			name = SwifterJSON;
			productName = SwifterJSON;
			productReference = OBJ_140 /* SwifterJSON.framework */;
			productType = "com.apple.product-type.framework";
		};
		OBJ_169 /* SwifterSockets */ = {
			isa = PBXNativeTarget;
			buildConfigurationList = OBJ_170 /* Build configuration list for PBXNativeTarget "SwifterSockets" */;
			buildPhases = (
				OBJ_173 /* Sources */,
				OBJ_182 /* Frameworks */,
			);
			buildRules = (
			);
			dependencies = (
			);
			name = SwifterSockets;
			productName = SwifterSockets;
			productReference = OBJ_141 /* SwifterSockets.framework */;
			productType = "com.apple.product-type.framework";
		};
		OBJ_183 /* SwifterLog */ = {
			isa = PBXNativeTarget;
			buildConfigurationList = OBJ_184 /* Build configuration list for PBXNativeTarget "SwifterLog" */;
			buildPhases = (
				OBJ_187 /* Sources */,
				OBJ_190 /* Frameworks */,
			);
			buildRules = (
			);
			dependencies = (
				OBJ_195 /* PBXTargetDependency */,
				OBJ_196 /* PBXTargetDependency */,
				OBJ_197 /* PBXTargetDependency */,
				OBJ_198 /* PBXTargetDependency */,
			);
			name = SwifterLog;
			productName = SwifterLog;
			productReference = OBJ_142 /* SwifterLog.framework */;
			productType = "com.apple.product-type.framework";
		};
		OBJ_199 /* SwiftfireCore */ = {
			isa = PBXNativeTarget;
			buildConfigurationList = OBJ_200 /* Build configuration list for PBXNativeTarget "SwiftfireCore" */;
			buildPhases = (
				OBJ_203 /* Sources */,
				OBJ_268 /* Frameworks */,
			);
			buildRules = (
			);
			dependencies = (
				OBJ_274 /* PBXTargetDependency */,
				OBJ_275 /* PBXTargetDependency */,
				OBJ_276 /* PBXTargetDependency */,
				OBJ_277 /* PBXTargetDependency */,
				OBJ_278 /* PBXTargetDependency */,
			);
			name = SwiftfireCore;
			productName = SwiftfireCore;
			productReference = OBJ_143 /* SwiftfireCore.framework */;
			productType = "com.apple.product-type.framework";
		};
		OBJ_279 /* Swiftfire */ = {
			isa = PBXNativeTarget;
			buildConfigurationList = OBJ_280 /* Build configuration list for PBXNativeTarget "Swiftfire" */;
			buildPhases = (
				OBJ_283 /* Sources */,
				OBJ_324 /* Frameworks */,
			);
			buildRules = (
			);
			dependencies = (
				OBJ_331 /* PBXTargetDependency */,
				OBJ_332 /* PBXTargetDependency */,
				OBJ_333 /* PBXTargetDependency */,
				OBJ_334 /* PBXTargetDependency */,
				OBJ_335 /* PBXTargetDependency */,
				OBJ_336 /* PBXTargetDependency */,
			);
			name = Swiftfire;
			productName = Swiftfire;
			productReference = OBJ_144 /* Swiftfire */;
			productType = "com.apple.product-type.tool";
		};
/* End PBXNativeTarget section */

/* Begin PBXProject section */
		OBJ_1 /* Project object */ = {
			isa = PBXProject;
			attributes = {
				LastUpgradeCheck = 9999;
			};
			buildConfigurationList = OBJ_2 /* Build configuration list for PBXProject "Swiftfire" */;
			compatibilityVersion = "Xcode 3.2";
			developmentRegion = English;
			hasScannedForEncodings = 0;
			knownRegions = (
				en,
			);
			mainGroup = OBJ_5 /*  */;
			productRefGroup = OBJ_137 /* Products */;
			projectDirPath = "";
			projectRoot = "";
			targets = (
				OBJ_145 /* CAsl */,
				OBJ_153 /* Ascii */,
				OBJ_160 /* SwifterJSON */,
				OBJ_169 /* SwifterSockets */,
				OBJ_183 /* SwifterLog */,
				OBJ_199 /* SwiftfireCore */,
				OBJ_279 /* Swiftfire */,
			);
		};
/* End PBXProject section */

/* Begin PBXShellScriptBuildPhase section */
		OBJ_149 /* ShellScript */ = {
			isa = PBXShellScriptBuildPhase;
			buildActionMask = 0;
			files = (
			);
			runOnlyForDeploymentPostprocessing = 0;
			shellPath = /bin/sh;
			shellScript = "mkdir -p \"${PROJECT_TEMP_DIR}/SymlinkLibs\"\nln -sf \"${BUILT_PRODUCTS_DIR}/${EXECUTABLE_PATH}\" \"${PROJECT_TEMP_DIR}/SymlinkLibs/lib${EXECUTABLE_NAME}.dylib\"\n";
		};
/* End PBXShellScriptBuildPhase section */

/* Begin PBXSourcesBuildPhase section */
		OBJ_150 /* Sources */ = {
			isa = PBXSourcesBuildPhase;
			buildActionMask = 0;
			files = (
				OBJ_151 /* CAsl.m in Sources */,
			);
			runOnlyForDeploymentPostprocessing = 0;
		};
		OBJ_157 /* Sources */ = {
			isa = PBXSourcesBuildPhase;
			buildActionMask = 0;
			files = (
				OBJ_158 /* Ascii.swift in Sources */,
			);
			runOnlyForDeploymentPostprocessing = 0;
		};
		OBJ_164 /* Sources */ = {
			isa = PBXSourcesBuildPhase;
			buildActionMask = 0;
			files = (
				OBJ_165 /* VJson.swift in Sources */,
			);
			runOnlyForDeploymentPostprocessing = 0;
		};
		OBJ_173 /* Sources */ = {
			isa = PBXSourcesBuildPhase;
			buildActionMask = 0;
			files = (
				OBJ_174 /* SwifterSockets.Accept.swift in Sources */,
				OBJ_175 /* SwifterSockets.Client.swift in Sources */,
				OBJ_176 /* SwifterSockets.Connection.swift in Sources */,
				OBJ_177 /* SwifterSockets.ConnectionPool.swift in Sources */,
				OBJ_178 /* SwifterSockets.Receive.swift in Sources */,
				OBJ_179 /* SwifterSockets.Server.swift in Sources */,
				OBJ_180 /* SwifterSockets.swift in Sources */,
				OBJ_181 /* SwifterSockets.Transmit.swift in Sources */,
			);
			runOnlyForDeploymentPostprocessing = 0;
		};
		OBJ_187 /* Sources */ = {
			isa = PBXSourcesBuildPhase;
			buildActionMask = 0;
			files = (
				OBJ_188 /* SwifterLog.Network.swift in Sources */,
				OBJ_189 /* SwifterLog.swift in Sources */,
			);
			runOnlyForDeploymentPostprocessing = 0;
		};
		OBJ_203 /* Sources */ = {
			isa = PBXSourcesBuildPhase;
			buildActionMask = 0;
			files = (
				OBJ_204 /* AccessLog.swift in Sources */,
				OBJ_205 /* Blacklist.swift in Sources */,
				OBJ_206 /* ClosingMacConnection.swift in Sources */,
				OBJ_207 /* CreateDomainCommand.swift in Sources */,
				OBJ_208 /* DeltaCommand.swift in Sources */,
				OBJ_209 /* Domain.swift in Sources */,
				OBJ_210 /* Domains.swift in Sources */,
				OBJ_211 /* DomainServices.swift in Sources */,
				OBJ_212 /* DomainTelemetry.swift in Sources */,
				OBJ_213 /* Extensions.swift in Sources */,
				OBJ_214 /* Four04Log.swift in Sources */,
				OBJ_215 /* GenericHelpers.swift in Sources */,
				OBJ_216 /* HttpHeader.swift in Sources */,
				OBJ_217 /* HttpHost.swift in Sources */,
				OBJ_218 /* HttpResponse.swift in Sources */,
				OBJ_219 /* HttpResponseCodes.swift in Sources */,
				OBJ_220 /* Logfile.swift in Sources */,
				OBJ_221 /* LogLineMessage.swift in Sources */,
				OBJ_222 /* MacMessage.swift in Sources */,
				OBJ_223 /* MimeType.swift in Sources */,
				OBJ_224 /* Mutation.swift in Sources */,
				OBJ_225 /* Parameters.swift in Sources */,
				OBJ_226 /* ReadBlacklistCommand.swift in Sources */,
				OBJ_227 /* ReadBlacklistReply.swift in Sources */,
				OBJ_228 /* ReadDomainsCommand.swift in Sources */,
				OBJ_229 /* ReadDomainsReply.swift in Sources */,
				OBJ_230 /* ReadServerParameterCommand.swift in Sources */,
				OBJ_231 /* ReadServerParameterReply.swift in Sources */,
				OBJ_232 /* ReadServerTelemetryCommand.swift in Sources */,
				OBJ_233 /* ReadServerTelemetryReply.swift in Sources */,
				OBJ_234 /* ReadServicesCommand.swift in Sources */,
				OBJ_235 /* ReadServicesReply.swift in Sources */,
				OBJ_236 /* ReadStatisticsCommand.swift in Sources */,
				OBJ_237 /* ReadStatisticsReply.swift in Sources */,
				OBJ_238 /* RemoveDomainCommand.swift in Sources */,
				OBJ_239 /* ResetDomainTelemetryCommand.swift in Sources */,
				OBJ_240 /* RestoreBlacklistCommand.swift in Sources */,
				OBJ_241 /* RestoreDomainsCommand.swift in Sources */,
				OBJ_242 /* RestoreServerParametersCommand.swift in Sources */,
				OBJ_243 /* SaveBlacklistCommand.swift in Sources */,
				OBJ_244 /* SaveDomainsCommand.swift in Sources */,
				OBJ_245 /* SaveServerParametersCommand.swift in Sources */,
				OBJ_246 /* ServerParameterNames.swift in Sources */,
				OBJ_247 /* ServerQuitCommand.swift in Sources */,
				OBJ_248 /* ServerStartCommand.swift in Sources */,
				OBJ_249 /* ServerStopCommand.swift in Sources */,
				OBJ_250 /* ServerTelemetryNames.swift in Sources */,
				OBJ_251 /* Statistics.swift in Sources */,
				OBJ_252 /* StClient.swift in Sources */,
				OBJ_253 /* StClientRecord.swift in Sources */,
				OBJ_254 /* StClients.swift in Sources */,
				OBJ_255 /* StCounter.swift in Sources */,
				OBJ_256 /* StDomains.swift in Sources */,
				OBJ_257 /* StPathPart.swift in Sources */,
				OBJ_258 /* Telemetry.swift in Sources */,
				OBJ_259 /* TimedClosure.swift in Sources */,
				OBJ_260 /* UIntTelemetry.swift in Sources */,
				OBJ_261 /* UpdateBlacklistCommand.swift in Sources */,
				OBJ_262 /* UpdateClientCommand.swift in Sources */,
				OBJ_263 /* UpdateDomainCommand.swift in Sources */,
				OBJ_264 /* UpdatePathPartCommand.swift in Sources */,
				OBJ_265 /* UpdateServicesCommand.swift in Sources */,
				OBJ_266 /* WallclockTime.swift in Sources */,
				OBJ_267 /* WriteServerParameterCommand.swift in Sources */,
			);
			runOnlyForDeploymentPostprocessing = 0;
		};
		OBJ_283 /* Sources */ = {
			isa = PBXSourcesBuildPhase;
			buildActionMask = 0;
			files = (
				OBJ_284 /* Domain.Extensions.swift in Sources */,
				OBJ_285 /* DomainService.Blacklist.swift in Sources */,
				OBJ_286 /* DomainService.GetFileAtResourcePath.swift in Sources */,
				OBJ_287 /* DomainService.GetResourcePathFromUrl.swift in Sources */,
				OBJ_288 /* DomainService.OnlyGetOrPost.swift in Sources */,
				OBJ_289 /* DomainService.OnlyHttp10or11.swift in Sources */,
				OBJ_290 /* DomainServices.Registration.swift in Sources */,
				OBJ_291 /* FileURLs.swift in Sources */,
				OBJ_292 /* Forwarder.swift in Sources */,
				OBJ_293 /* HttpConnection.swift in Sources */,
				OBJ_294 /* HttpConnection.Worker.swift in Sources */,
				OBJ_295 /* HttpHeaderLogger.swift in Sources */,
				OBJ_296 /* MacCommand.CreateDomain.swift in Sources */,
				OBJ_297 /* MacCommand.Delta.swift in Sources */,
				OBJ_298 /* MacCommand.ReadBlacklist.swift in Sources */,
				OBJ_299 /* MacCommand.ReadDomains.swift in Sources */,
				OBJ_300 /* MacCommand.ReadServerParameter.swift in Sources */,
				OBJ_301 /* MacCommand.ReadServerTelemetry.swift in Sources */,
				OBJ_302 /* MacCommand.ReadServices.swift in Sources */,
				OBJ_303 /* MacCommand.ReadStatistics.swift in Sources */,
				OBJ_304 /* MacCommand.RemoveDomain.swift in Sources */,
				OBJ_305 /* MacCommand.ResetDomainTelemetry.swift in Sources */,
				OBJ_306 /* MacCommand.RestoreBlacklist.swift in Sources */,
				OBJ_307 /* MacCommand.RestoreDomains.swift in Sources */,
				OBJ_308 /* MacCommand.RestoreServerParameters.swift in Sources */,
				OBJ_309 /* MacCommand.SaveBlacklist.swift in Sources */,
				OBJ_310 /* MacCommand.SaveDomains.swift in Sources */,
				OBJ_311 /* MacCommand.SaveServerParameters.swift in Sources */,
				OBJ_312 /* MacCommand.ServerQuit.swift in Sources */,
				OBJ_313 /* MacCommand.ServerStart.swift in Sources */,
				OBJ_314 /* MacCommand.ServerStop.swift in Sources */,
				OBJ_315 /* MacCommand.UpdateBlacklist.swift in Sources */,
				OBJ_316 /* MacCommand.UpdateClient.swift in Sources */,
				OBJ_317 /* MacCommand.UpdateDomain.swift in Sources */,
				OBJ_318 /* MacCommand.UpdatePathPart.swift in Sources */,
				OBJ_319 /* MacCommand.UpdateServices.swift in Sources */,
				OBJ_320 /* MacCommand.WriteServerParameter.swift in Sources */,
				OBJ_321 /* main.swift in Sources */,
				OBJ_322 /* MonitoringAndControlConnection.swift in Sources */,
				OBJ_323 /* Mutation.Extensions.swift in Sources */,
			);
			runOnlyForDeploymentPostprocessing = 0;
		};
/* End PBXSourcesBuildPhase section */

/* Begin PBXTargetDependency section */
		OBJ_168 /* PBXTargetDependency */ = {
			isa = PBXTargetDependency;
			target = OBJ_153 /* Ascii */;
			targetProxy = 86A3D71B1E6172E5006EC9DC /* PBXContainerItemProxy */;
		};
		OBJ_195 /* PBXTargetDependency */ = {
			isa = PBXTargetDependency;
			target = OBJ_145 /* CAsl */;
			targetProxy = 86A3D71C1E6172E5006EC9DC /* PBXContainerItemProxy */;
		};
		OBJ_196 /* PBXTargetDependency */ = {
			isa = PBXTargetDependency;
			target = OBJ_153 /* Ascii */;
			targetProxy = 86A3D71D1E6172E5006EC9DC /* PBXContainerItemProxy */;
		};
		OBJ_197 /* PBXTargetDependency */ = {
			isa = PBXTargetDependency;
			target = OBJ_160 /* SwifterJSON */;
			targetProxy = 86A3D71E1E6172E5006EC9DC /* PBXContainerItemProxy */;
		};
		OBJ_198 /* PBXTargetDependency */ = {
			isa = PBXTargetDependency;
			target = OBJ_169 /* SwifterSockets */;
			targetProxy = 86A3D71F1E6172E5006EC9DC /* PBXContainerItemProxy */;
		};
		OBJ_274 /* PBXTargetDependency */ = {
			isa = PBXTargetDependency;
			target = OBJ_145 /* CAsl */;
			targetProxy = 86A3D7201E6172E5006EC9DC /* PBXContainerItemProxy */;
		};
		OBJ_275 /* PBXTargetDependency */ = {
			isa = PBXTargetDependency;
			target = OBJ_153 /* Ascii */;
			targetProxy = 86A3D7211E6172E5006EC9DC /* PBXContainerItemProxy */;
		};
		OBJ_276 /* PBXTargetDependency */ = {
			isa = PBXTargetDependency;
			target = OBJ_160 /* SwifterJSON */;
			targetProxy = 86A3D7221E6172E5006EC9DC /* PBXContainerItemProxy */;
		};
		OBJ_277 /* PBXTargetDependency */ = {
			isa = PBXTargetDependency;
			target = OBJ_169 /* SwifterSockets */;
			targetProxy = 86A3D7231E6172E5006EC9DC /* PBXContainerItemProxy */;
		};
		OBJ_278 /* PBXTargetDependency */ = {
			isa = PBXTargetDependency;
			target = OBJ_183 /* SwifterLog */;
			targetProxy = 86A3D7241E6172E5006EC9DC /* PBXContainerItemProxy */;
		};
		OBJ_331 /* PBXTargetDependency */ = {
			isa = PBXTargetDependency;
			target = OBJ_145 /* CAsl */;
			targetProxy = 86A3D7251E6172E5006EC9DC /* PBXContainerItemProxy */;
		};
		OBJ_332 /* PBXTargetDependency */ = {
			isa = PBXTargetDependency;
			target = OBJ_153 /* Ascii */;
			targetProxy = 86A3D7261E6172E5006EC9DC /* PBXContainerItemProxy */;
		};
		OBJ_333 /* PBXTargetDependency */ = {
			isa = PBXTargetDependency;
			target = OBJ_160 /* SwifterJSON */;
			targetProxy = 86A3D7271E6172E5006EC9DC /* PBXContainerItemProxy */;
		};
		OBJ_334 /* PBXTargetDependency */ = {
			isa = PBXTargetDependency;
			target = OBJ_169 /* SwifterSockets */;
			targetProxy = 86A3D7281E6172E5006EC9DC /* PBXContainerItemProxy */;
		};
		OBJ_335 /* PBXTargetDependency */ = {
			isa = PBXTargetDependency;
			target = OBJ_183 /* SwifterLog */;
			targetProxy = 86A3D7291E6172E5006EC9DC /* PBXContainerItemProxy */;
		};
		OBJ_336 /* PBXTargetDependency */ = {
			isa = PBXTargetDependency;
			target = OBJ_199 /* SwiftfireCore */;
			targetProxy = 86A3D72A1E6172E5006EC9DC /* PBXContainerItemProxy */;
		};
/* End PBXTargetDependency section */

/* Begin XCBuildConfiguration section */
		OBJ_147 /* Debug */ = {
			isa = XCBuildConfiguration;
			buildSettings = {
				DEFINES_MODULE = YES;
				ENABLE_TESTABILITY = YES;
				FRAMEWORK_SEARCH_PATHS = (
					"$(inherited)",
					"$(PLATFORM_DIR)/Developer/Library/Frameworks",
				);
				HEADER_SEARCH_PATHS = (
					"$(inherited)",
					"Packages/CAsl-0.1.0/Sources/include",
				);
				INFOPLIST_FILE = Swiftfire.xcodeproj/CAsl_Info.plist;
				LD_RUNPATH_SEARCH_PATHS = "$(TOOLCHAIN_DIR)/usr/lib/swift/macosx";
				MODULEMAP_FILE = Swiftfire.xcodeproj/GeneratedModuleMap/CAsl/module.modulemap;
				OTHER_LDFLAGS = "$(inherited)";
				OTHER_SWIFT_FLAGS = "$(inherited)";
				PRODUCT_BUNDLE_IDENTIFIER = CAsl;
				PRODUCT_MODULE_NAME = "$(TARGET_NAME:c99extidentifier)";
				PRODUCT_NAME = "$(TARGET_NAME:c99extidentifier)";
				TARGET_NAME = CAsl;
			};
			name = Debug;
		};
		OBJ_148 /* Release */ = {
			isa = XCBuildConfiguration;
			buildSettings = {
				DEFINES_MODULE = YES;
				ENABLE_TESTABILITY = YES;
				FRAMEWORK_SEARCH_PATHS = (
					"$(inherited)",
					"$(PLATFORM_DIR)/Developer/Library/Frameworks",
				);
				HEADER_SEARCH_PATHS = (
					"$(inherited)",
					"Packages/CAsl-0.1.0/Sources/include",
				);
				INFOPLIST_FILE = Swiftfire.xcodeproj/CAsl_Info.plist;
				LD_RUNPATH_SEARCH_PATHS = "$(TOOLCHAIN_DIR)/usr/lib/swift/macosx";
				MODULEMAP_FILE = Swiftfire.xcodeproj/GeneratedModuleMap/CAsl/module.modulemap;
				OTHER_LDFLAGS = "$(inherited)";
				OTHER_SWIFT_FLAGS = "$(inherited)";
				PRODUCT_BUNDLE_IDENTIFIER = CAsl;
				PRODUCT_MODULE_NAME = "$(TARGET_NAME:c99extidentifier)";
				PRODUCT_NAME = "$(TARGET_NAME:c99extidentifier)";
				TARGET_NAME = CAsl;
			};
			name = Release;
		};
		OBJ_155 /* Debug */ = {
			isa = XCBuildConfiguration;
			buildSettings = {
				ENABLE_TESTABILITY = YES;
				FRAMEWORK_SEARCH_PATHS = (
					"$(inherited)",
					"$(PLATFORM_DIR)/Developer/Library/Frameworks",
				);
				HEADER_SEARCH_PATHS = "$(inherited)";
				INFOPLIST_FILE = Swiftfire.xcodeproj/Ascii_Info.plist;
				LD_RUNPATH_SEARCH_PATHS = "$(TOOLCHAIN_DIR)/usr/lib/swift/macosx";
				OTHER_LDFLAGS = "$(inherited)";
				OTHER_SWIFT_FLAGS = "$(inherited)";
				PRODUCT_BUNDLE_IDENTIFIER = Ascii;
				PRODUCT_MODULE_NAME = "$(TARGET_NAME:c99extidentifier)";
				PRODUCT_NAME = "$(TARGET_NAME:c99extidentifier)";
				TARGET_NAME = Ascii;
			};
			name = Debug;
		};
		OBJ_156 /* Release */ = {
			isa = XCBuildConfiguration;
			buildSettings = {
				ENABLE_TESTABILITY = YES;
				FRAMEWORK_SEARCH_PATHS = (
					"$(inherited)",
					"$(PLATFORM_DIR)/Developer/Library/Frameworks",
				);
				HEADER_SEARCH_PATHS = "$(inherited)";
				INFOPLIST_FILE = Swiftfire.xcodeproj/Ascii_Info.plist;
				LD_RUNPATH_SEARCH_PATHS = "$(TOOLCHAIN_DIR)/usr/lib/swift/macosx";
				OTHER_LDFLAGS = "$(inherited)";
				OTHER_SWIFT_FLAGS = "$(inherited)";
				PRODUCT_BUNDLE_IDENTIFIER = Ascii;
				PRODUCT_MODULE_NAME = "$(TARGET_NAME:c99extidentifier)";
				PRODUCT_NAME = "$(TARGET_NAME:c99extidentifier)";
				TARGET_NAME = Ascii;
			};
			name = Release;
		};
		OBJ_162 /* Debug */ = {
			isa = XCBuildConfiguration;
			buildSettings = {
				ENABLE_TESTABILITY = YES;
				FRAMEWORK_SEARCH_PATHS = (
					"$(inherited)",
					"$(PLATFORM_DIR)/Developer/Library/Frameworks",
				);
				HEADER_SEARCH_PATHS = "$(inherited)";
				INFOPLIST_FILE = Swiftfire.xcodeproj/SwifterJSON_Info.plist;
				LD_RUNPATH_SEARCH_PATHS = "$(TOOLCHAIN_DIR)/usr/lib/swift/macosx";
				OTHER_LDFLAGS = "$(inherited)";
				OTHER_SWIFT_FLAGS = "$(inherited)";
				PRODUCT_BUNDLE_IDENTIFIER = SwifterJSON;
				PRODUCT_MODULE_NAME = "$(TARGET_NAME:c99extidentifier)";
				PRODUCT_NAME = "$(TARGET_NAME:c99extidentifier)";
				TARGET_NAME = SwifterJSON;
			};
			name = Debug;
		};
		OBJ_163 /* Release */ = {
			isa = XCBuildConfiguration;
			buildSettings = {
				ENABLE_TESTABILITY = YES;
				FRAMEWORK_SEARCH_PATHS = (
					"$(inherited)",
					"$(PLATFORM_DIR)/Developer/Library/Frameworks",
				);
				HEADER_SEARCH_PATHS = "$(inherited)";
				INFOPLIST_FILE = Swiftfire.xcodeproj/SwifterJSON_Info.plist;
				LD_RUNPATH_SEARCH_PATHS = "$(TOOLCHAIN_DIR)/usr/lib/swift/macosx";
				OTHER_LDFLAGS = "$(inherited)";
				OTHER_SWIFT_FLAGS = "$(inherited)";
				PRODUCT_BUNDLE_IDENTIFIER = SwifterJSON;
				PRODUCT_MODULE_NAME = "$(TARGET_NAME:c99extidentifier)";
				PRODUCT_NAME = "$(TARGET_NAME:c99extidentifier)";
				TARGET_NAME = SwifterJSON;
			};
			name = Release;
		};
		OBJ_171 /* Debug */ = {
			isa = XCBuildConfiguration;
			buildSettings = {
				ENABLE_TESTABILITY = YES;
				FRAMEWORK_SEARCH_PATHS = (
					"$(inherited)",
					"$(PLATFORM_DIR)/Developer/Library/Frameworks",
				);
				HEADER_SEARCH_PATHS = "$(inherited)";
				INFOPLIST_FILE = Swiftfire.xcodeproj/SwifterSockets_Info.plist;
				LD_RUNPATH_SEARCH_PATHS = "$(TOOLCHAIN_DIR)/usr/lib/swift/macosx";
				OTHER_LDFLAGS = "$(inherited)";
				OTHER_SWIFT_FLAGS = "$(inherited)";
				PRODUCT_BUNDLE_IDENTIFIER = SwifterSockets;
				PRODUCT_MODULE_NAME = "$(TARGET_NAME:c99extidentifier)";
				PRODUCT_NAME = "$(TARGET_NAME:c99extidentifier)";
				TARGET_NAME = SwifterSockets;
			};
			name = Debug;
		};
		OBJ_172 /* Release */ = {
			isa = XCBuildConfiguration;
			buildSettings = {
				ENABLE_TESTABILITY = YES;
				FRAMEWORK_SEARCH_PATHS = (
					"$(inherited)",
					"$(PLATFORM_DIR)/Developer/Library/Frameworks",
				);
				HEADER_SEARCH_PATHS = "$(inherited)";
				INFOPLIST_FILE = Swiftfire.xcodeproj/SwifterSockets_Info.plist;
				LD_RUNPATH_SEARCH_PATHS = "$(TOOLCHAIN_DIR)/usr/lib/swift/macosx";
				OTHER_LDFLAGS = "$(inherited)";
				OTHER_SWIFT_FLAGS = "$(inherited)";
				PRODUCT_BUNDLE_IDENTIFIER = SwifterSockets;
				PRODUCT_MODULE_NAME = "$(TARGET_NAME:c99extidentifier)";
				PRODUCT_NAME = "$(TARGET_NAME:c99extidentifier)";
				TARGET_NAME = SwifterSockets;
			};
			name = Release;
		};
		OBJ_185 /* Debug */ = {
			isa = XCBuildConfiguration;
			buildSettings = {
				ENABLE_TESTABILITY = YES;
				FRAMEWORK_SEARCH_PATHS = (
					"$(inherited)",
					"$(PLATFORM_DIR)/Developer/Library/Frameworks",
				);
				HEADER_SEARCH_PATHS = (
					"$(inherited)",
					"Packages/CAsl-0.1.0/Sources/include",
				);
				INFOPLIST_FILE = Swiftfire.xcodeproj/SwifterLog_Info.plist;
				LD_RUNPATH_SEARCH_PATHS = "$(TOOLCHAIN_DIR)/usr/lib/swift/macosx";
				LIBRARY_SEARCH_PATHS = "$(PROJECT_TEMP_DIR)/SymlinkLibs/";
				OTHER_LDFLAGS = "$(inherited)";
				OTHER_SWIFT_FLAGS = "$(inherited)";
				PRODUCT_BUNDLE_IDENTIFIER = SwifterLog;
				PRODUCT_MODULE_NAME = "$(TARGET_NAME:c99extidentifier)";
				PRODUCT_NAME = "$(TARGET_NAME:c99extidentifier)";
				TARGET_NAME = SwifterLog;
			};
			name = Debug;
		};
		OBJ_186 /* Release */ = {
			isa = XCBuildConfiguration;
			buildSettings = {
				ENABLE_TESTABILITY = YES;
				FRAMEWORK_SEARCH_PATHS = (
					"$(inherited)",
					"$(PLATFORM_DIR)/Developer/Library/Frameworks",
				);
				HEADER_SEARCH_PATHS = (
					"$(inherited)",
					"Packages/CAsl-0.1.0/Sources/include",
				);
				INFOPLIST_FILE = Swiftfire.xcodeproj/SwifterLog_Info.plist;
				LD_RUNPATH_SEARCH_PATHS = "$(TOOLCHAIN_DIR)/usr/lib/swift/macosx";
				LIBRARY_SEARCH_PATHS = "$(PROJECT_TEMP_DIR)/SymlinkLibs/";
				OTHER_LDFLAGS = "$(inherited)";
				OTHER_SWIFT_FLAGS = "$(inherited)";
				PRODUCT_BUNDLE_IDENTIFIER = SwifterLog;
				PRODUCT_MODULE_NAME = "$(TARGET_NAME:c99extidentifier)";
				PRODUCT_NAME = "$(TARGET_NAME:c99extidentifier)";
				TARGET_NAME = SwifterLog;
			};
			name = Release;
		};
		OBJ_201 /* Debug */ = {
			isa = XCBuildConfiguration;
			buildSettings = {
				ENABLE_TESTABILITY = YES;
				FRAMEWORK_SEARCH_PATHS = (
					"$(inherited)",
					"$(PLATFORM_DIR)/Developer/Library/Frameworks",
				);
				HEADER_SEARCH_PATHS = (
					"$(inherited)",
					"Packages/CAsl-0.1.0/Sources/include",
				);
				INFOPLIST_FILE = Swiftfire.xcodeproj/SwiftfireCore_Info.plist;
				LD_RUNPATH_SEARCH_PATHS = "$(TOOLCHAIN_DIR)/usr/lib/swift/macosx";
				LIBRARY_SEARCH_PATHS = "$(PROJECT_TEMP_DIR)/SymlinkLibs/";
				OTHER_LDFLAGS = "$(inherited)";
				OTHER_SWIFT_FLAGS = "$(inherited)";
				PRODUCT_BUNDLE_IDENTIFIER = SwiftfireCore;
				PRODUCT_MODULE_NAME = "$(TARGET_NAME:c99extidentifier)";
				PRODUCT_NAME = "$(TARGET_NAME:c99extidentifier)";
				TARGET_NAME = SwiftfireCore;
			};
			name = Debug;
		};
		OBJ_202 /* Release */ = {
			isa = XCBuildConfiguration;
			buildSettings = {
				ENABLE_TESTABILITY = YES;
				FRAMEWORK_SEARCH_PATHS = (
					"$(inherited)",
					"$(PLATFORM_DIR)/Developer/Library/Frameworks",
				);
				HEADER_SEARCH_PATHS = (
					"$(inherited)",
					"Packages/CAsl-0.1.0/Sources/include",
				);
				INFOPLIST_FILE = Swiftfire.xcodeproj/SwiftfireCore_Info.plist;
				LD_RUNPATH_SEARCH_PATHS = "$(TOOLCHAIN_DIR)/usr/lib/swift/macosx";
				LIBRARY_SEARCH_PATHS = "$(PROJECT_TEMP_DIR)/SymlinkLibs/";
				OTHER_LDFLAGS = "$(inherited)";
				OTHER_SWIFT_FLAGS = "$(inherited)";
				PRODUCT_BUNDLE_IDENTIFIER = SwiftfireCore;
				PRODUCT_MODULE_NAME = "$(TARGET_NAME:c99extidentifier)";
				PRODUCT_NAME = "$(TARGET_NAME:c99extidentifier)";
				TARGET_NAME = SwiftfireCore;
			};
			name = Release;
		};
		OBJ_281 /* Debug */ = {
			isa = XCBuildConfiguration;
			buildSettings = {
				FRAMEWORK_SEARCH_PATHS = (
					"$(inherited)",
					"$(PLATFORM_DIR)/Developer/Library/Frameworks",
				);
				HEADER_SEARCH_PATHS = (
					"$(inherited)",
					"Packages/CAsl-0.1.0/Sources/include",
				);
				INFOPLIST_FILE = Swiftfire.xcodeproj/Swiftfire_Info.plist;
				LD_RUNPATH_SEARCH_PATHS = "$(TOOLCHAIN_DIR)/usr/lib/swift/macosx @executable_path";
				LIBRARY_SEARCH_PATHS = "$(PROJECT_TEMP_DIR)/SymlinkLibs/";
				OTHER_LDFLAGS = "$(inherited)";
				OTHER_SWIFT_FLAGS = "$(inherited)";
				SWIFT_FORCE_DYNAMIC_LINK_STDLIB = YES;
				SWIFT_FORCE_STATIC_LINK_STDLIB = NO;
				TARGET_NAME = Swiftfire;
			};
			name = Debug;
		};
		OBJ_282 /* Release */ = {
			isa = XCBuildConfiguration;
			buildSettings = {
				FRAMEWORK_SEARCH_PATHS = (
					"$(inherited)",
					"$(PLATFORM_DIR)/Developer/Library/Frameworks",
				);
				HEADER_SEARCH_PATHS = (
					"$(inherited)",
					"Packages/CAsl-0.1.0/Sources/include",
				);
				INFOPLIST_FILE = Swiftfire.xcodeproj/Swiftfire_Info.plist;
				LD_RUNPATH_SEARCH_PATHS = "$(TOOLCHAIN_DIR)/usr/lib/swift/macosx @executable_path";
				LIBRARY_SEARCH_PATHS = "$(PROJECT_TEMP_DIR)/SymlinkLibs/";
				OTHER_LDFLAGS = "$(inherited)";
				OTHER_SWIFT_FLAGS = "$(inherited)";
				SWIFT_FORCE_DYNAMIC_LINK_STDLIB = YES;
				SWIFT_FORCE_STATIC_LINK_STDLIB = NO;
				TARGET_NAME = Swiftfire;
			};
			name = Release;
		};
		OBJ_3 /* Debug */ = {
			isa = XCBuildConfiguration;
			buildSettings = {
				COMBINE_HIDPI_IMAGES = YES;
				COPY_PHASE_STRIP = NO;
				DEBUG_INFORMATION_FORMAT = dwarf;
				DYLIB_INSTALL_NAME_BASE = "@rpath";
				ENABLE_NS_ASSERTIONS = YES;
				GCC_OPTIMIZATION_LEVEL = 0;
				MACOSX_DEPLOYMENT_TARGET = 10.10;
				ONLY_ACTIVE_ARCH = YES;
				OTHER_SWIFT_FLAGS = "-DXcode";
				PRODUCT_NAME = "$(TARGET_NAME)";
				SDKROOT = macosx;
				SUPPORTED_PLATFORMS = "macosx iphoneos iphonesimulator appletvos appletvsimulator watchos watchsimulator";
				SWIFT_ACTIVE_COMPILATION_CONDITIONS = SWIFT_PACKAGE;
				SWIFT_OPTIMIZATION_LEVEL = "-Onone";
				SWIFT_VERSION = 3.0;
				USE_HEADERMAP = NO;
			};
			name = Debug;
		};
		OBJ_4 /* Release */ = {
			isa = XCBuildConfiguration;
			buildSettings = {
				COMBINE_HIDPI_IMAGES = YES;
				COPY_PHASE_STRIP = YES;
				DEBUG_INFORMATION_FORMAT = "dwarf-with-dsym";
				DYLIB_INSTALL_NAME_BASE = "@rpath";
				GCC_OPTIMIZATION_LEVEL = s;
				MACOSX_DEPLOYMENT_TARGET = 10.10;
				OTHER_SWIFT_FLAGS = "-DXcode";
				PRODUCT_NAME = "$(TARGET_NAME)";
				SDKROOT = macosx;
				SUPPORTED_PLATFORMS = "macosx iphoneos iphonesimulator appletvos appletvsimulator watchos watchsimulator";
				SWIFT_ACTIVE_COMPILATION_CONDITIONS = SWIFT_PACKAGE;
				SWIFT_OPTIMIZATION_LEVEL = "-O";
				SWIFT_VERSION = 3.0;
				USE_HEADERMAP = NO;
			};
			name = Release;
		};
/* End XCBuildConfiguration section */

/* Begin XCConfigurationList section */
		OBJ_146 /* Build configuration list for PBXNativeTarget "CAsl" */ = {
			isa = XCConfigurationList;
			buildConfigurations = (
				OBJ_147 /* Debug */,
				OBJ_148 /* Release */,
			);
			defaultConfigurationIsVisible = 0;
			defaultConfigurationName = Debug;
		};
		OBJ_154 /* Build configuration list for PBXNativeTarget "Ascii" */ = {
			isa = XCConfigurationList;
			buildConfigurations = (
				OBJ_155 /* Debug */,
				OBJ_156 /* Release */,
			);
			defaultConfigurationIsVisible = 0;
			defaultConfigurationName = Debug;
		};
		OBJ_161 /* Build configuration list for PBXNativeTarget "SwifterJSON" */ = {
			isa = XCConfigurationList;
			buildConfigurations = (
				OBJ_162 /* Debug */,
				OBJ_163 /* Release */,
			);
			defaultConfigurationIsVisible = 0;
			defaultConfigurationName = Debug;
		};
		OBJ_170 /* Build configuration list for PBXNativeTarget "SwifterSockets" */ = {
			isa = XCConfigurationList;
			buildConfigurations = (
				OBJ_171 /* Debug */,
				OBJ_172 /* Release */,
			);
			defaultConfigurationIsVisible = 0;
			defaultConfigurationName = Debug;
		};
		OBJ_184 /* Build configuration list for PBXNativeTarget "SwifterLog" */ = {
			isa = XCConfigurationList;
			buildConfigurations = (
				OBJ_185 /* Debug */,
				OBJ_186 /* Release */,
			);
			defaultConfigurationIsVisible = 0;
			defaultConfigurationName = Debug;
		};
		OBJ_2 /* Build configuration list for PBXProject "Swiftfire" */ = {
			isa = XCConfigurationList;
			buildConfigurations = (
				OBJ_3 /* Debug */,
				OBJ_4 /* Release */,
			);
			defaultConfigurationIsVisible = 0;
			defaultConfigurationName = Debug;
		};
		OBJ_200 /* Build configuration list for PBXNativeTarget "SwiftfireCore" */ = {
			isa = XCConfigurationList;
			buildConfigurations = (
				OBJ_201 /* Debug */,
				OBJ_202 /* Release */,
			);
			defaultConfigurationIsVisible = 0;
			defaultConfigurationName = Debug;
		};
		OBJ_280 /* Build configuration list for PBXNativeTarget "Swiftfire" */ = {
			isa = XCConfigurationList;
			buildConfigurations = (
				OBJ_281 /* Debug */,
				OBJ_282 /* Release */,
			);
			defaultConfigurationIsVisible = 0;
			defaultConfigurationName = Debug;
		};
/* End XCConfigurationList section */
	};
	rootObject = OBJ_1 /* Project object */;
}
